// !$*UTF8*$!
{
	archiveVersion = 1;
	classes = {
	};
	objectVersion = 77;
	objects = {

/* Begin PBXBuildFile section */
		01D4F981DB2B8DD8C188DD41 /* FocusSkillCard.swift in Sources */ = {isa = PBXBuildFile; fileRef = 6BF9D4C9FC6D6138064BBB58 /* FocusSkillCard.swift */; };
		03600CE8643F4DEE5692B4B2 /* FocusSkillProvider.swift in Sources */ = {isa = PBXBuildFile; fileRef = 6A993F2E64E2CFE17726D097 /* FocusSkillProvider.swift */; };
		03AB7400E18AE7C86A8FB3E1 /* CoachViewModel.swift in Sources */ = {isa = PBXBuildFile; fileRef = 6039232C88D87E15F4F19F9E /* CoachViewModel.swift */; };
		04E35653F2EA578417D20D08 /* DomainTag.swift in Sources */ = {isa = PBXBuildFile; fileRef = 46EFAC8C77D391093172CE3D /* DomainTag.swift */; };
		07BFA95964D2D2F6E5E1FAA8 /* TurnLabWidget.appex in Embed Foundation Extensions */ = {isa = PBXBuildFile; fileRef = 47D36EEF5FA16E6591C36B14 /* TurnLabWidget.appex */; settings = {ATTRIBUTES = (RemoveHeadersOnCopy, ); }; };
		07E796DC55761B8E4DE736D9 /* PreferencesEntity+CoreDataClass.swift in Sources */ = {isa = PBXBuildFile; fileRef = A409658048BF87FB231285F1 /* PreferencesEntity+CoreDataClass.swift */; };
		080EE192B1FC0B773A0D4E4A /* LevelProgressionSection.swift in Sources */ = {isa = PBXBuildFile; fileRef = 81F6FAAD0E74E5DD855A5548 /* LevelProgressionSection.swift */; };
		086531066B7D773C847DAD2B /* MountainBackgroundView.swift in Sources */ = {isa = PBXBuildFile; fileRef = 38DF9B43F98E5EF741FAAF37 /* MountainBackgroundView.swift */; };
		0DB2C1DD73F590964FA82CAD /* QuizResultView.swift in Sources */ = {isa = PBXBuildFile; fileRef = BDEFB30C090107CC56F8A5F5 /* QuizResultView.swift */; };
		0F2683EAE7BF5E425E93F2DA /* AssessmentRepositoryTests.swift in Sources */ = {isa = PBXBuildFile; fileRef = 9BE5683C7608F0CC82575990 /* AssessmentRepositoryTests.swift */; };
		104E6BCF66021252D1D37686 /* PremiumManager.swift in Sources */ = {isa = PBXBuildFile; fileRef = 1F5501D1BE04D576C9B39E61 /* PremiumManager.swift */; };
		176A55B3BB990203D15AD8A6 /* SkillLevel.swift in Sources */ = {isa = PBXBuildFile; fileRef = C454AF33F8A65DE668A35924 /* SkillLevel.swift */; };
		217F798D6FF0945C3E236316 /* PurchaseService.swift in Sources */ = {isa = PBXBuildFile; fileRef = 35AC73CE740E76E4B909ADD8 /* PurchaseService.swift */; };
		26A62448033CAF852D34D0A0 /* SkillFixtures.swift in Sources */ = {isa = PBXBuildFile; fileRef = D264A66171478F72F48FCD7D /* SkillFixtures.swift */; };
		2A453AA8BFD4D7E4E981F340 /* AssessmentHistoryView.swift in Sources */ = {isa = PBXBuildFile; fileRef = 5EC201D5E722302FC756AC57 /* AssessmentHistoryView.swift */; };
		2B3FF4FB8B094BD1B5161808 /* MockAssessmentRepository.swift in Sources */ = {isa = PBXBuildFile; fileRef = 48C0935E81C4957DEF2ECB71 /* MockAssessmentRepository.swift */; };
		2FC6E803242B875458EB8B38 /* LevelProgressCard.swift in Sources */ = {isa = PBXBuildFile; fileRef = 73A33325192E7DBD761C82B4 /* LevelProgressCard.swift */; };
		30BFAB5ABABA43AB02A88E22 /* ChecklistCard.swift in Sources */ = {isa = PBXBuildFile; fileRef = 7430CC823B0238A5E217C72F /* ChecklistCard.swift */; };
		36DF096907D1373802707863 /* SkillTests.swift in Sources */ = {isa = PBXBuildFile; fileRef = B67CA18BE614A2175511FCD7 /* SkillTests.swift */; };
		386C8D1162289B11E0118446 /* AssessmentPicker.swift in Sources */ = {isa = PBXBuildFile; fileRef = EFD73BB21F2A794A7969613B /* AssessmentPicker.swift */; };
		3E4E76B58F82A2959ABB9C91 /* TipCard.swift in Sources */ = {isa = PBXBuildFile; fileRef = 5D0E741E4E82ABD3823D8F8B /* TipCard.swift */; };
		4255267CD020AF6CE58323F4 /* Route.swift in Sources */ = {isa = PBXBuildFile; fileRef = 74CB298DE112C4371BFE1D54 /* Route.swift */; };
		4274C6E77EAA347898B97BBC /* skills.json in Resources */ = {isa = PBXBuildFile; fileRef = 831FAE4F8E4FF482C976E2E2 /* skills.json */; };
		42FF9FE7FC8C8D4CAE8492DA /* UserRepositoryProtocol.swift in Sources */ = {isa = PBXBuildFile; fileRef = 0763E404AFAABD8389300728 /* UserRepositoryProtocol.swift */; };
		43B6116DD60B2672BA327143 /* TurnLabWidget.swift in Sources */ = {isa = PBXBuildFile; fileRef = C715F2F903B2AEF4DA5C02B0 /* TurnLabWidget.swift */; };
		444F83955A1086659DAB3E6E /* HomeView.swift in Sources */ = {isa = PBXBuildFile; fileRef = 4FFD71084DD18C8BD650B31A /* HomeView.swift */; };
		4698180015A7EAEBB32F6969 /* QuizProgressBar.swift in Sources */ = {isa = PBXBuildFile; fileRef = 5EC85CC802ADFBE87E8935F4 /* QuizProgressBar.swift */; };
		473A63A824092B13A37AD9F2 /* APIKeys.swift in Sources */ = {isa = PBXBuildFile; fileRef = 57829CBDE9611D45858D7E13 /* APIKeys.swift */; };
		47BE1BEEED04A6C6E961D241 /* EmptyStateView.swift in Sources */ = {isa = PBXBuildFile; fileRef = 32B0E86A3683E1D008A70D03 /* EmptyStateView.swift */; };
		494D5D6048757C10A815739D /* AssessmentInputView.swift in Sources */ = {isa = PBXBuildFile; fileRef = 8DE6C4961D3BA64F7E563DB7 /* AssessmentInputView.swift */; };
		4D8FC5CEC3505F0093F552B3 /* DrillCard.swift in Sources */ = {isa = PBXBuildFile; fileRef = 2D3B7CB3BF90B9E8E581933F /* DrillCard.swift */; };
		4EE31CE36405E36D98994834 /* ProgressionService.swift in Sources */ = {isa = PBXBuildFile; fileRef = 4D0F627B93A2D615CBABA2CF /* ProgressionService.swift */; };
		517C1B181D161116CF53993D /* TerrainContextPicker.swift in Sources */ = {isa = PBXBuildFile; fileRef = 029B30F69DBCD8FB9A18FC3B /* TerrainContextPicker.swift */; };
		526E229A7F899BD392E7FFEB /* DomainBasedBrowserView.swift in Sources */ = {isa = PBXBuildFile; fileRef = FBF89E7B910FE892B045EB86 /* DomainBasedBrowserView.swift */; };
		52D8E05AD59F0E7773409388 /* Configuration.storekit in Resources */ = {isa = PBXBuildFile; fileRef = 809DAC8D81C59AB8AAB64A29 /* Configuration.storekit */; };
		5385DF6E075FA3C493BD24E6 /* TurnLabApp.swift in Sources */ = {isa = PBXBuildFile; fileRef = A8104DBFBF59D7E022642C45 /* TurnLabApp.swift */; };
		55415214AF5D94C3CCF68836 /* AppState.swift in Sources */ = {isa = PBXBuildFile; fileRef = BC80877BC7625C0B40B0023E /* AppState.swift */; };
		55679F439714C977C70F7185 /* SkillHeroSection.swift in Sources */ = {isa = PBXBuildFile; fileRef = E044259751B23F13AF40B202 /* SkillHeroSection.swift */; };
		586E94689C42F719F6F02A80 /* SkillBrowserViewModel.swift in Sources */ = {isa = PBXBuildFile; fileRef = 4AA5E32522A260B74B5A28ED /* SkillBrowserViewModel.swift */; };
		592423B7D591098DC1020E57 /* DrillsContentTab.swift in Sources */ = {isa = PBXBuildFile; fileRef = D4ED6B35CF3938619541CB5A /* DrillsContentTab.swift */; };
		5A98E05EAC3DEE84E1233412 /* Rating.swift in Sources */ = {isa = PBXBuildFile; fileRef = 9294EA313A9E2B68583465C6 /* Rating.swift */; };
		5B1DA5D59ED386D804719A3E /* SkillRepository.swift in Sources */ = {isa = PBXBuildFile; fileRef = A3712057CEFAF0E191562577 /* SkillRepository.swift */; };
		5D0968E901EB2D276D4ED47F /* SuggestedContentSection.swift in Sources */ = {isa = PBXBuildFile; fileRef = 8592119E2E3AF9BED5D8E525 /* SuggestedContentSection.swift */; };
		607409AC6CE616FBD46422A8 /* PrimaryButton.swift in Sources */ = {isa = PBXBuildFile; fileRef = EFAC7C1AF1C9DE02F280AED4 /* PrimaryButton.swift */; };
		62B3F2D9E357FFEE254D94A8 /* MockSkillRepository.swift in Sources */ = {isa = PBXBuildFile; fileRef = C5CEACE304CBC7A9A22B4270 /* MockSkillRepository.swift */; };
		62CB83D841A45BA878BAB92C /* MockUserRepository.swift in Sources */ = {isa = PBXBuildFile; fileRef = 89321E3F419605A438FF7046 /* MockUserRepository.swift */; };
		63228EDEEEA182EE49C3F3C9 /* OnboardingViewModelTests.swift in Sources */ = {isa = PBXBuildFile; fileRef = 8E496C2AB68E0A1D0FBEF183 /* OnboardingViewModelTests.swift */; };
		6353B46827B3B8235B765DAA /* CoachFAB.swift in Sources */ = {isa = PBXBuildFile; fileRef = A6FF11B57EC4B0713412865F /* CoachFAB.swift */; };
		6590E8EC845B8EC468D281C3 /* SkillRowView.swift in Sources */ = {isa = PBXBuildFile; fileRef = 137550981CA85AFA219810AB /* SkillRowView.swift */; };
		672303AE078D71FEE1B772EF /* MediumWidgetView.swift in Sources */ = {isa = PBXBuildFile; fileRef = 56BB1E8F5CCBC2DAFC96B701 /* MediumWidgetView.swift */; };
		698A6ECDE69C67A07886867C /* ContextualPremiumUpsellView.swift in Sources */ = {isa = PBXBuildFile; fileRef = 1567BF70298281F16A9D5BF6 /* ContextualPremiumUpsellView.swift */; };
		6B5B24327FE72B6A740BBC88 /* AssessmentRepository.swift in Sources */ = {isa = PBXBuildFile; fileRef = DBB4D189B1593EBFC61A10FC /* AssessmentRepository.swift */; };
		6FDE42AB4350B257B4CBDD4B /* WidgetDataBridge.swift in Sources */ = {isa = PBXBuildFile; fileRef = 61A3EDAE4BDE486EA78814DA /* WidgetDataBridge.swift */; };
		70670E554DD84DFD90BCD478 /* Checklist.swift in Sources */ = {isa = PBXBuildFile; fileRef = E61779816BE2E4E5DB334116 /* Checklist.swift */; };
		7257E923F52CB1FD64F0BD14 /* Skill.swift in Sources */ = {isa = PBXBuildFile; fileRef = ACB6BF2D8441C2F8FC3FC82E /* Skill.swift */; };
		732AE185FBE642B57AC72317 /* CoachService.swift in Sources */ = {isa = PBXBuildFile; fileRef = 6822048C04CF392AC8E14D16 /* CoachService.swift */; };
		733C081ECB8E64D9A69B2000 /* LevelBadge.swift in Sources */ = {isa = PBXBuildFile; fileRef = B69D960D1918A97E98D15E8E /* LevelBadge.swift */; };
		76F74935B15C4FAC01872489 /* CoachMessage.swift in Sources */ = {isa = PBXBuildFile; fileRef = 4263ED44DD6CE6E28D97684D /* CoachMessage.swift */; };
		78DCF1805BA029248AB40E4B /* ProgressionServiceTests.swift in Sources */ = {isa = PBXBuildFile; fileRef = 5A78CE7BBEC040F59591AADD /* ProgressionServiceTests.swift */; };
		799B44FAB790C154E51D1C31 /* CoachChatView.swift in Sources */ = {isa = PBXBuildFile; fileRef = 5BEF687AF44A0CAAB2480374 /* CoachChatView.swift */; };
		79E07077D756275F0A483F5F /* HomeViewModel.swift in Sources */ = {isa = PBXBuildFile; fileRef = 0ADE6327E147F4C566A61FDE /* HomeViewModel.swift */; };
		7CC0E15DB51F335C52871CB7 /* ContentManager.swift in Sources */ = {isa = PBXBuildFile; fileRef = A609948B3A0BB8CB0700EC28 /* ContentManager.swift */; };
		7CD5A05B7E0132222AA73D26 /* NavigationRouter.swift in Sources */ = {isa = PBXBuildFile; fileRef = 526E7A9F9918646F5A7B069C /* NavigationRouter.swift */; };
		7EC563080B1F6F89C70BEAA1 /* ProfileView.swift in Sources */ = {isa = PBXBuildFile; fileRef = 8E3685C71023E956404C327C /* ProfileView.swift */; };
		7F5044029961A849E1823B1C /* CoreDataStack.swift in Sources */ = {isa = PBXBuildFile; fileRef = 85354453C644BBFF34CDD166 /* CoreDataStack.swift */; };
		81EA70A91B99C8D920223138 /* FocusSkillEntry.swift in Sources */ = {isa = PBXBuildFile; fileRef = CE21E52D3ABDCDB5C5157762 /* FocusSkillEntry.swift */; };
		8397025E6763BEAC08326824 /* AssessmentEntity+CoreDataClass.swift in Sources */ = {isa = PBXBuildFile; fileRef = 91444B39A676EDBC3C0AED7C /* AssessmentEntity+CoreDataClass.swift */; };
		87C18B51558446289E49BBDB /* AssessmentSection.swift in Sources */ = {isa = PBXBuildFile; fileRef = 60F3B2CDCB20D382A71D0540 /* AssessmentSection.swift */; };
		8C1D5C2F4F1B4CC06BA1020F /* SkillProgressIndicator.swift in Sources */ = {isa = PBXBuildFile; fileRef = 49B6A6CA7576F53AAC9CAD27 /* SkillProgressIndicator.swift */; };
		8C4A472742F502CBBFF6B193 /* TurnLabUITests.swift in Sources */ = {isa = PBXBuildFile; fileRef = B94AFFE93A50D30CBCFD10F2 /* TurnLabUITests.swift */; };
		8E9A02FB5FA0B5FAA6D00BB0 /* quiz.json in Resources */ = {isa = PBXBuildFile; fileRef = 7DB3A6FBBF985EF019D76F7B /* quiz.json */; };
		914B1B59A09FD8DD09A080DA /* AssessmentViewModel.swift in Sources */ = {isa = PBXBuildFile; fileRef = 0CFA7CD6B48D93B14D084037 /* AssessmentViewModel.swift */; };
		92B8EB14BBDCD9F7F18CF4D8 /* TurnLab.xcdatamodeld in Sources */ = {isa = PBXBuildFile; fileRef = F62D772F062CA817B90B38D4 /* TurnLab.xcdatamodeld */; };
		92E7A90FFA529F7F6558AC5C /* SettingsView.swift in Sources */ = {isa = PBXBuildFile; fileRef = 39D4C76725530ED45DB15489 /* SettingsView.swift */; };
		93A712B6539FEDC0933E79D5 /* PremiumPurchaseView.swift in Sources */ = {isa = PBXBuildFile; fileRef = 74268931369BA02078D804E5 /* PremiumPurchaseView.swift */; };
		93F805256D976B4B942C6260 /* Spacing.swift in Sources */ = {isa = PBXBuildFile; fileRef = E35AFB76C494951856FB3221 /* Spacing.swift */; };
		94475D2A6C4160A42503F19B /* OpenAIService.swift in Sources */ = {isa = PBXBuildFile; fileRef = DB6E2D9F66C8E067AC203628 /* OpenAIService.swift */; };
		95F01B2A761A1DABBE585EDE /* SettingsViewModel.swift in Sources */ = {isa = PBXBuildFile; fileRef = DB0ED8CA6D56F165AAD5B3DA /* SettingsViewModel.swift */; };
		971B1D663DB481073903FAAA /* LevelBasedBrowserView.swift in Sources */ = {isa = PBXBuildFile; fileRef = 34BD00682CAC9784813DD667 /* LevelBasedBrowserView.swift */; };
		984CE9CD5230DF325DC50A8C /* QuizQuestion.swift in Sources */ = {isa = PBXBuildFile; fileRef = CFBBE280472738463B0DB6A8 /* QuizQuestion.swift */; };
		987D327330CE86A37B9044FB /* ContentCard.swift in Sources */ = {isa = PBXBuildFile; fileRef = 92119961504E37E78D0EC73A /* ContentCard.swift */; };
		9B5EA4F135E20E881D97E900 /* ProductIdentifiers.swift in Sources */ = {isa = PBXBuildFile; fileRef = 19D51758A9AEA14F0B504FE0 /* ProductIdentifiers.swift */; };
		9C3D53B1D47B3D338E566904 /* SkillDetailView.swift in Sources */ = {isa = PBXBuildFile; fileRef = 924708B36D09F5CFCF0C3C8E /* SkillDetailView.swift */; };
		9CC9C9D90FA6E14377DA0E5B /* UserEntity+CoreDataClass.swift in Sources */ = {isa = PBXBuildFile; fileRef = 28020B65E0E45FC8997CF976 /* UserEntity+CoreDataClass.swift */; };
		9E02250E5FEBEA945BC24CA1 /* DomainRadarChart.swift in Sources */ = {isa = PBXBuildFile; fileRef = A541F17C417D2C15DAF74588 /* DomainRadarChart.swift */; };
		9E9E06E0D94E04232AA7704D /* StatsGridSection.swift in Sources */ = {isa = PBXBuildFile; fileRef = 2D3DDB5A3639EFDEAA4DBB11 /* StatsGridSection.swift */; };
		9EC504204F69DF15F8EA446C /* HomeViewModelTests.swift in Sources */ = {isa = PBXBuildFile; fileRef = 0431BD337A1B453AEEA8967A /* HomeViewModelTests.swift */; };
		A183B0FB3088F2AD0D2532E5 /* Colors.swift in Sources */ = {isa = PBXBuildFile; fileRef = 9C95B97FB9BD8E5B24BD684D /* Colors.swift */; };
		A27581C09022914238CC4639 /* PrivacyInfo.xcprivacy in Resources */ = {isa = PBXBuildFile; fileRef = 812603E5BBF8BBF08298F9CF /* PrivacyInfo.xcprivacy */; };
		A56C802EB90E0E328B883214 /* DIContainer.swift in Sources */ = {isa = PBXBuildFile; fileRef = CD5A7E1693428BC6380048BB /* DIContainer.swift */; };
		A5C4C2825E197D0B896DC0C4 /* RootView.swift in Sources */ = {isa = PBXBuildFile; fileRef = D2331588CEFCCF599A184870 /* RootView.swift */; };
		A6C3EEF9DC72FB9799503B4A /* TurnLabUITestsLaunchTests.swift in Sources */ = {isa = PBXBuildFile; fileRef = 27C28E6CF15775623D30B9CF /* TurnLabUITestsLaunchTests.swift */; };
		AAA3243CD6D5780FDE6A67C0 /* Typography.swift in Sources */ = {isa = PBXBuildFile; fileRef = 2FF2EA639817250A5854E262 /* Typography.swift */; };
		AAB973857C6C9420519E11F2 /* SkillBrowserView.swift in Sources */ = {isa = PBXBuildFile; fileRef = 431A149E168D4C67C6960161 /* SkillBrowserView.swift */; };
		B25FC164C340D380515CCB89 /* TurnLabWidgetBundle.swift in Sources */ = {isa = PBXBuildFile; fileRef = 3F93645F6216437DCC262640 /* TurnLabWidgetBundle.swift */; };
		B5C9FBB4432629F71C7E9E71 /* SkillCard.swift in Sources */ = {isa = PBXBuildFile; fileRef = 36A694187FE5F9C4DB7C3751 /* SkillCard.swift */; };
		B65C64D780BFB0329F0FDE55 /* SkillRepositoryProtocol.swift in Sources */ = {isa = PBXBuildFile; fileRef = 1041F53228D4CB723DC6AA46 /* SkillRepositoryProtocol.swift */; };
		B76CE23FBF0F23AA3BFDA498 /* VideoContentTab.swift in Sources */ = {isa = PBXBuildFile; fileRef = B890CB57C068BB70C6848AFE /* VideoContentTab.swift */; };
		B85D4EA3CC89AA7A2121170C /* SkillDomain.swift in Sources */ = {isa = PBXBuildFile; fileRef = 89B7FAC6A69A72B311D19FD0 /* SkillDomain.swift */; };
		B94FEC35AC3A15E14FACB5A2 /* SkillContent.swift in Sources */ = {isa = PBXBuildFile; fileRef = B90ACEF8994D313C8E2DEAD4 /* SkillContent.swift */; };
		BB322E3A09F24363935BA6BE /* ProgressRing.swift in Sources */ = {isa = PBXBuildFile; fileRef = 6FEEF3C621DDDC1819663525 /* ProgressRing.swift */; };
		BC4B1A5E8F9AD7DC799B5B50 /* OnboardingContainerView.swift in Sources */ = {isa = PBXBuildFile; fileRef = B45DDF280752EE778FE5B6CC /* OnboardingContainerView.swift */; };
		D180BC8C3CC730184EF627B6 /* YouTubePlayerView.swift in Sources */ = {isa = PBXBuildFile; fileRef = B157627F045346FF366A0947 /* YouTubePlayerView.swift */; };
		D4334BFE0A3988DF13FBD30A /* TipsContentTab.swift in Sources */ = {isa = PBXBuildFile; fileRef = 72BD22249773C6DB029EE93C /* TipsContentTab.swift */; };
		D43574727AEFDECB1505BF0D /* SkillRepositoryTests.swift in Sources */ = {isa = PBXBuildFile; fileRef = 7A9D5B0C0C8ACDBC704C2659 /* SkillRepositoryTests.swift */; };
		D5AAE14F66CCA404505C53C0 /* QuizQuestionView.swift in Sources */ = {isa = PBXBuildFile; fileRef = 2D982F8C1FBDFC31B4B4D5C4 /* QuizQuestionView.swift */; };
		D8CB7C4184592385A31643E1 /* AssessmentRepositoryProtocol.swift in Sources */ = {isa = PBXBuildFile; fileRef = 8511D8F5F196008CD1756925 /* AssessmentRepositoryProtocol.swift */; };
		E0008D946BED6757BED9B40A /* VideoReference.swift in Sources */ = {isa = PBXBuildFile; fileRef = 60C16CDC0894852BD5268DB6 /* VideoReference.swift */; };
		E30E2D6104C0DD8FDAF38387 /* ProfileViewModel.swift in Sources */ = {isa = PBXBuildFile; fileRef = B01638A197B4D3FA8DDD3401 /* ProfileViewModel.swift */; };
		E4A253D23E291430CB709F67 /* TerrainContext.swift in Sources */ = {isa = PBXBuildFile; fileRef = F1C060D1A1EDF3D8B708B76A /* TerrainContext.swift */; };
		E700D4097FD655857F60D7BA /* Assets.xcassets in Resources */ = {isa = PBXBuildFile; fileRef = 2101C1E67846886BA50C7D60 /* Assets.xcassets */; };
		E74264512CF6D47BF5B8A32B /* UserRepository.swift in Sources */ = {isa = PBXBuildFile; fileRef = C36761D210C5BEA92DCAB8D2 /* UserRepository.swift */; };
		E82B132FA0A6716B330D0DC0 /* videos.json in Resources */ = {isa = PBXBuildFile; fileRef = C16C4211DEC32D9DEDED5338 /* videos.json */; };
		F1273A430295174CCDBED840 /* ContentLoader.swift in Sources */ = {isa = PBXBuildFile; fileRef = 971C3122A8AD0D9D68D98AFE /* ContentLoader.swift */; };
		F1859D83A68C609B7D05D1B9 /* MainTabView.swift in Sources */ = {isa = PBXBuildFile; fileRef = CD646A1D0F02A73722CED935 /* MainTabView.swift */; };
		F27667C480FECFA5751E9F38 /* Tip.swift in Sources */ = {isa = PBXBuildFile; fileRef = 4A75DF96A1449AEDD48ACEA0 /* Tip.swift */; };
		F3BC3C34202CA9A2006FF148 /* Drill.swift in Sources */ = {isa = PBXBuildFile; fileRef = 2BFF091A409C82C3CC69A81A /* Drill.swift */; };
		F64BE6F67D15CDE6F1EA9AAA /* SmallWidgetView.swift in Sources */ = {isa = PBXBuildFile; fileRef = 8E2B9A959143902A4FBDA8A9 /* SmallWidgetView.swift */; };
		F854663E250451D211259A76 /* OnboardingViewModel.swift in Sources */ = {isa = PBXBuildFile; fileRef = B1D715C3BAE4BDA4648DAECD /* OnboardingViewModel.swift */; };
		FE6873635037F3074BD4359B /* SkillDetailViewModel.swift in Sources */ = {isa = PBXBuildFile; fileRef = F166CA36B315F727ABA77B02 /* SkillDetailViewModel.swift */; };
		MSGI0J0AUF0WMMA579XQVMRU /* TerrainBadge.swift in Sources */ = {isa = PBXBuildFile; fileRef = 0UR4L0F9T8LCJ877E3E4YD8I /* TerrainBadge.swift */; };
		QWLRVUENEF057GU64VCVSEAT /* ProgressCelebration.swift in Sources */ = {isa = PBXBuildFile; fileRef = 8DB9C0Z92G41RPNQ99FIFBIV /* ProgressCelebration.swift */; };
		U9PHT4OGASAL3OAPFCAEQXBX /* WelcomeBackCard.swift in Sources */ = {isa = PBXBuildFile; fileRef = RITUXYPH46BZCGAKVBT42KLN /* WelcomeBackCard.swift */; };
/* End PBXBuildFile section */

/* Begin PBXContainerItemProxy section */
		11DC3162C3B7535628BBE53E /* PBXContainerItemProxy */ = {
			isa = PBXContainerItemProxy;
			containerPortal = F521E78342E79B19BF7CBC77 /* Project object */;
			proxyType = 1;
			remoteGlobalIDString = 1F3E627F1632071DBBC4B151;
			remoteInfo = TurnLab;
		};
		49DE2951375455B1422149BD /* PBXContainerItemProxy */ = {
			isa = PBXContainerItemProxy;
			containerPortal = F521E78342E79B19BF7CBC77 /* Project object */;
			proxyType = 1;
			remoteGlobalIDString = 89A7EB893834CEE868E7E82B;
			remoteInfo = TurnLabWidget;
		};
		E1BE70E741BFABCD0F10E0AB /* PBXContainerItemProxy */ = {
			isa = PBXContainerItemProxy;
			containerPortal = F521E78342E79B19BF7CBC77 /* Project object */;
			proxyType = 1;
			remoteGlobalIDString = 1F3E627F1632071DBBC4B151;
			remoteInfo = TurnLab;
		};
/* End PBXContainerItemProxy section */

/* Begin PBXCopyFilesBuildPhase section */
		6A0958EF96C352D00F14EF6D /* Embed Foundation Extensions */ = {
			isa = PBXCopyFilesBuildPhase;
			buildActionMask = 2147483647;
			dstPath = "";
			dstSubfolderSpec = 13;
			files = (
				07BFA95964D2D2F6E5E1FAA8 /* TurnLabWidget.appex in Embed Foundation Extensions */,
			);
			name = "Embed Foundation Extensions";
			runOnlyForDeploymentPostprocessing = 0;
		};
/* End PBXCopyFilesBuildPhase section */

/* Begin PBXFileReference section */
		029B30F69DBCD8FB9A18FC3B /* TerrainContextPicker.swift */ = {isa = PBXFileReference; lastKnownFileType = sourcecode.swift; path = TerrainContextPicker.swift; sourceTree = "<group>"; };
		0431BD337A1B453AEEA8967A /* HomeViewModelTests.swift */ = {isa = PBXFileReference; lastKnownFileType = sourcecode.swift; path = HomeViewModelTests.swift; sourceTree = "<group>"; };
		0763E404AFAABD8389300728 /* UserRepositoryProtocol.swift */ = {isa = PBXFileReference; lastKnownFileType = sourcecode.swift; path = UserRepositoryProtocol.swift; sourceTree = "<group>"; };
		0ADE6327E147F4C566A61FDE /* HomeViewModel.swift */ = {isa = PBXFileReference; lastKnownFileType = sourcecode.swift; path = HomeViewModel.swift; sourceTree = "<group>"; };
		0CFA7CD6B48D93B14D084037 /* AssessmentViewModel.swift */ = {isa = PBXFileReference; lastKnownFileType = sourcecode.swift; path = AssessmentViewModel.swift; sourceTree = "<group>"; };
		0UR4L0F9T8LCJ877E3E4YD8I /* TerrainBadge.swift */ = {isa = PBXFileReference; lastKnownFileType = sourcecode.swift; path = TerrainBadge.swift; sourceTree = "<group>"; };
		1041F53228D4CB723DC6AA46 /* SkillRepositoryProtocol.swift */ = {isa = PBXFileReference; lastKnownFileType = sourcecode.swift; path = SkillRepositoryProtocol.swift; sourceTree = "<group>"; };
		115EC25BAB4F26491AE70F23 /* TurnLab.entitlements */ = {isa = PBXFileReference; lastKnownFileType = text.plist.entitlements; path = TurnLab.entitlements; sourceTree = "<group>"; };
		137550981CA85AFA219810AB /* SkillRowView.swift */ = {isa = PBXFileReference; lastKnownFileType = sourcecode.swift; path = SkillRowView.swift; sourceTree = "<group>"; };
		1567BF70298281F16A9D5BF6 /* ContextualPremiumUpsellView.swift */ = {isa = PBXFileReference; includeInIndex = 1; lastKnownFileType = sourcecode.swift; path = Premium/Views/ContextualPremiumUpsellView.swift; sourceTree = "<group>"; };
		19D51758A9AEA14F0B504FE0 /* ProductIdentifiers.swift */ = {isa = PBXFileReference; lastKnownFileType = sourcecode.swift; path = ProductIdentifiers.swift; sourceTree = "<group>"; };
		1B9D0323A7A08565F6DEE746 /* TurnLabWidget.entitlements */ = {isa = PBXFileReference; lastKnownFileType = text.plist.entitlements; path = TurnLabWidget.entitlements; sourceTree = "<group>"; };
		1F5501D1BE04D576C9B39E61 /* PremiumManager.swift */ = {isa = PBXFileReference; lastKnownFileType = sourcecode.swift; path = PremiumManager.swift; sourceTree = "<group>"; };
		2101C1E67846886BA50C7D60 /* Assets.xcassets */ = {isa = PBXFileReference; lastKnownFileType = folder.assetcatalog; path = Assets.xcassets; sourceTree = "<group>"; };
		27C28E6CF15775623D30B9CF /* TurnLabUITestsLaunchTests.swift */ = {isa = PBXFileReference; lastKnownFileType = sourcecode.swift; path = TurnLabUITestsLaunchTests.swift; sourceTree = "<group>"; };
		28020B65E0E45FC8997CF976 /* UserEntity+CoreDataClass.swift */ = {isa = PBXFileReference; lastKnownFileType = sourcecode.swift; path = "UserEntity+CoreDataClass.swift"; sourceTree = "<group>"; };
		2BFF091A409C82C3CC69A81A /* Drill.swift */ = {isa = PBXFileReference; lastKnownFileType = sourcecode.swift; path = Drill.swift; sourceTree = "<group>"; };
		2D3B7CB3BF90B9E8E581933F /* DrillCard.swift */ = {isa = PBXFileReference; lastKnownFileType = sourcecode.swift; path = DrillCard.swift; sourceTree = "<group>"; };
		2D3DDB5A3639EFDEAA4DBB11 /* StatsGridSection.swift */ = {isa = PBXFileReference; lastKnownFileType = sourcecode.swift; path = StatsGridSection.swift; sourceTree = "<group>"; };
		2D982F8C1FBDFC31B4B4D5C4 /* QuizQuestionView.swift */ = {isa = PBXFileReference; lastKnownFileType = sourcecode.swift; path = QuizQuestionView.swift; sourceTree = "<group>"; };
		2FF2EA639817250A5854E262 /* Typography.swift */ = {isa = PBXFileReference; lastKnownFileType = sourcecode.swift; path = Typography.swift; sourceTree = "<group>"; };
		32B0E86A3683E1D008A70D03 /* EmptyStateView.swift */ = {isa = PBXFileReference; lastKnownFileType = sourcecode.swift; path = EmptyStateView.swift; sourceTree = "<group>"; };
		34BD00682CAC9784813DD667 /* LevelBasedBrowserView.swift */ = {isa = PBXFileReference; lastKnownFileType = sourcecode.swift; path = LevelBasedBrowserView.swift; sourceTree = "<group>"; };
		35AC73CE740E76E4B909ADD8 /* PurchaseService.swift */ = {isa = PBXFileReference; lastKnownFileType = sourcecode.swift; path = PurchaseService.swift; sourceTree = "<group>"; };
		36A694187FE5F9C4DB7C3751 /* SkillCard.swift */ = {isa = PBXFileReference; lastKnownFileType = sourcecode.swift; path = SkillCard.swift; sourceTree = "<group>"; };
		38DF9B43F98E5EF741FAAF37 /* MountainBackgroundView.swift */ = {isa = PBXFileReference; lastKnownFileType = sourcecode.swift; path = MountainBackgroundView.swift; sourceTree = "<group>"; };
		39D4C76725530ED45DB15489 /* SettingsView.swift */ = {isa = PBXFileReference; lastKnownFileType = sourcecode.swift; path = SettingsView.swift; sourceTree = "<group>"; };
		3C0C7CBF31217515735300A8 /* TurnLabTests.xctest */ = {isa = PBXFileReference; includeInIndex = 0; lastKnownFileType = wrapper.cfbundle; path = TurnLabTests.xctest; sourceTree = BUILT_PRODUCTS_DIR; };
		3F93645F6216437DCC262640 /* TurnLabWidgetBundle.swift */ = {isa = PBXFileReference; lastKnownFileType = sourcecode.swift; path = TurnLabWidgetBundle.swift; sourceTree = "<group>"; };
		4263ED44DD6CE6E28D97684D /* CoachMessage.swift */ = {isa = PBXFileReference; includeInIndex = 1; lastKnownFileType = sourcecode.swift; path = CoachMessage.swift; sourceTree = "<group>"; };
		431A149E168D4C67C6960161 /* SkillBrowserView.swift */ = {isa = PBXFileReference; lastKnownFileType = sourcecode.swift; path = SkillBrowserView.swift; sourceTree = "<group>"; };
		46EFAC8C77D391093172CE3D /* DomainTag.swift */ = {isa = PBXFileReference; lastKnownFileType = sourcecode.swift; path = DomainTag.swift; sourceTree = "<group>"; };
		47D36EEF5FA16E6591C36B14 /* TurnLabWidget.appex */ = {isa = PBXFileReference; includeInIndex = 0; lastKnownFileType = "wrapper.app-extension"; path = TurnLabWidget.appex; sourceTree = BUILT_PRODUCTS_DIR; };
		48C0935E81C4957DEF2ECB71 /* MockAssessmentRepository.swift */ = {isa = PBXFileReference; lastKnownFileType = sourcecode.swift; path = MockAssessmentRepository.swift; sourceTree = "<group>"; };
		49B6A6CA7576F53AAC9CAD27 /* SkillProgressIndicator.swift */ = {isa = PBXFileReference; lastKnownFileType = sourcecode.swift; path = SkillProgressIndicator.swift; sourceTree = "<group>"; };
		4A75DF96A1449AEDD48ACEA0 /* Tip.swift */ = {isa = PBXFileReference; lastKnownFileType = sourcecode.swift; path = Tip.swift; sourceTree = "<group>"; };
		4AA5E32522A260B74B5A28ED /* SkillBrowserViewModel.swift */ = {isa = PBXFileReference; lastKnownFileType = sourcecode.swift; path = SkillBrowserViewModel.swift; sourceTree = "<group>"; };
		4D0F627B93A2D615CBABA2CF /* ProgressionService.swift */ = {isa = PBXFileReference; lastKnownFileType = sourcecode.swift; path = ProgressionService.swift; sourceTree = "<group>"; };
		4FF327BE8AAC2322E981C7ED /* TurnLabUITests.xctest */ = {isa = PBXFileReference; includeInIndex = 0; lastKnownFileType = wrapper.cfbundle; path = TurnLabUITests.xctest; sourceTree = BUILT_PRODUCTS_DIR; };
		4FFD71084DD18C8BD650B31A /* HomeView.swift */ = {isa = PBXFileReference; lastKnownFileType = sourcecode.swift; path = HomeView.swift; sourceTree = "<group>"; };
		526E7A9F9918646F5A7B069C /* NavigationRouter.swift */ = {isa = PBXFileReference; lastKnownFileType = sourcecode.swift; path = NavigationRouter.swift; sourceTree = "<group>"; };
		56BB1E8F5CCBC2DAFC96B701 /* MediumWidgetView.swift */ = {isa = PBXFileReference; lastKnownFileType = sourcecode.swift; path = MediumWidgetView.swift; sourceTree = "<group>"; };
		57829CBDE9611D45858D7E13 /* APIKeys.swift */ = {isa = PBXFileReference; includeInIndex = 1; lastKnownFileType = sourcecode.swift; path = APIKeys.swift; sourceTree = "<group>"; };
		5A78CE7BBEC040F59591AADD /* ProgressionServiceTests.swift */ = {isa = PBXFileReference; lastKnownFileType = sourcecode.swift; path = ProgressionServiceTests.swift; sourceTree = "<group>"; };
		5BEF687AF44A0CAAB2480374 /* CoachChatView.swift */ = {isa = PBXFileReference; includeInIndex = 1; lastKnownFileType = sourcecode.swift; path = CoachChatView.swift; sourceTree = "<group>"; };
		5D0E741E4E82ABD3823D8F8B /* TipCard.swift */ = {isa = PBXFileReference; lastKnownFileType = sourcecode.swift; path = TipCard.swift; sourceTree = "<group>"; };
		5EC201D5E722302FC756AC57 /* AssessmentHistoryView.swift */ = {isa = PBXFileReference; lastKnownFileType = sourcecode.swift; path = AssessmentHistoryView.swift; sourceTree = "<group>"; };
		5EC85CC802ADFBE87E8935F4 /* QuizProgressBar.swift */ = {isa = PBXFileReference; lastKnownFileType = sourcecode.swift; path = QuizProgressBar.swift; sourceTree = "<group>"; };
		6039232C88D87E15F4F19F9E /* CoachViewModel.swift */ = {isa = PBXFileReference; includeInIndex = 1; lastKnownFileType = sourcecode.swift; path = CoachViewModel.swift; sourceTree = "<group>"; };
		60C16CDC0894852BD5268DB6 /* VideoReference.swift */ = {isa = PBXFileReference; lastKnownFileType = sourcecode.swift; path = VideoReference.swift; sourceTree = "<group>"; };
		60F3B2CDCB20D382A71D0540 /* AssessmentSection.swift */ = {isa = PBXFileReference; lastKnownFileType = sourcecode.swift; path = AssessmentSection.swift; sourceTree = "<group>"; };
		61A3EDAE4BDE486EA78814DA /* WidgetDataBridge.swift */ = {isa = PBXFileReference; lastKnownFileType = sourcecode.swift; path = WidgetDataBridge.swift; sourceTree = "<group>"; };
		6822048C04CF392AC8E14D16 /* CoachService.swift */ = {isa = PBXFileReference; includeInIndex = 1; lastKnownFileType = sourcecode.swift; path = CoachService.swift; sourceTree = "<group>"; };
		6A993F2E64E2CFE17726D097 /* FocusSkillProvider.swift */ = {isa = PBXFileReference; lastKnownFileType = sourcecode.swift; path = FocusSkillProvider.swift; sourceTree = "<group>"; };
		6BF9D4C9FC6D6138064BBB58 /* FocusSkillCard.swift */ = {isa = PBXFileReference; lastKnownFileType = sourcecode.swift; path = FocusSkillCard.swift; sourceTree = "<group>"; };
		6FEEF3C621DDDC1819663525 /* ProgressRing.swift */ = {isa = PBXFileReference; lastKnownFileType = sourcecode.swift; path = ProgressRing.swift; sourceTree = "<group>"; };
		72BD22249773C6DB029EE93C /* TipsContentTab.swift */ = {isa = PBXFileReference; lastKnownFileType = sourcecode.swift; path = TipsContentTab.swift; sourceTree = "<group>"; };
		73A33325192E7DBD761C82B4 /* LevelProgressCard.swift */ = {isa = PBXFileReference; lastKnownFileType = sourcecode.swift; path = LevelProgressCard.swift; sourceTree = "<group>"; };
		74268931369BA02078D804E5 /* PremiumPurchaseView.swift */ = {isa = PBXFileReference; lastKnownFileType = sourcecode.swift; path = PremiumPurchaseView.swift; sourceTree = "<group>"; };
		7430CC823B0238A5E217C72F /* ChecklistCard.swift */ = {isa = PBXFileReference; lastKnownFileType = sourcecode.swift; path = ChecklistCard.swift; sourceTree = "<group>"; };
		74CB298DE112C4371BFE1D54 /* Route.swift */ = {isa = PBXFileReference; lastKnownFileType = sourcecode.swift; path = Route.swift; sourceTree = "<group>"; };
		771ECB10407632E97DA63A96 /* TurnLab.app */ = {isa = PBXFileReference; includeInIndex = 0; lastKnownFileType = wrapper.application; path = TurnLab.app; sourceTree = BUILT_PRODUCTS_DIR; };
		7A9D5B0C0C8ACDBC704C2659 /* SkillRepositoryTests.swift */ = {isa = PBXFileReference; lastKnownFileType = sourcecode.swift; path = SkillRepositoryTests.swift; sourceTree = "<group>"; };
		7DB3A6FBBF985EF019D76F7B /* quiz.json */ = {isa = PBXFileReference; lastKnownFileType = text.json; path = quiz.json; sourceTree = "<group>"; };
		809DAC8D81C59AB8AAB64A29 /* Configuration.storekit */ = {isa = PBXFileReference; path = Configuration.storekit; sourceTree = "<group>"; };
		812603E5BBF8BBF08298F9CF /* PrivacyInfo.xcprivacy */ = {isa = PBXFileReference; path = PrivacyInfo.xcprivacy; sourceTree = "<group>"; };
		81F6FAAD0E74E5DD855A5548 /* LevelProgressionSection.swift */ = {isa = PBXFileReference; lastKnownFileType = sourcecode.swift; path = LevelProgressionSection.swift; sourceTree = "<group>"; };
		831FAE4F8E4FF482C976E2E2 /* skills.json */ = {isa = PBXFileReference; lastKnownFileType = text.json; path = skills.json; sourceTree = "<group>"; };
		8511D8F5F196008CD1756925 /* AssessmentRepositoryProtocol.swift */ = {isa = PBXFileReference; lastKnownFileType = sourcecode.swift; path = AssessmentRepositoryProtocol.swift; sourceTree = "<group>"; };
		85354453C644BBFF34CDD166 /* CoreDataStack.swift */ = {isa = PBXFileReference; lastKnownFileType = sourcecode.swift; path = CoreDataStack.swift; sourceTree = "<group>"; };
		8592119E2E3AF9BED5D8E525 /* SuggestedContentSection.swift */ = {isa = PBXFileReference; lastKnownFileType = sourcecode.swift; path = SuggestedContentSection.swift; sourceTree = "<group>"; };
		89321E3F419605A438FF7046 /* MockUserRepository.swift */ = {isa = PBXFileReference; lastKnownFileType = sourcecode.swift; path = MockUserRepository.swift; sourceTree = "<group>"; };
		89B7FAC6A69A72B311D19FD0 /* SkillDomain.swift */ = {isa = PBXFileReference; lastKnownFileType = sourcecode.swift; path = SkillDomain.swift; sourceTree = "<group>"; };
		8DB9C0Z92G41RPNQ99FIFBIV /* ProgressCelebration.swift */ = {isa = PBXFileReference; lastKnownFileType = sourcecode.swift; path = ProgressCelebration.swift; sourceTree = "<group>"; };
		8DE6C4961D3BA64F7E563DB7 /* AssessmentInputView.swift */ = {isa = PBXFileReference; lastKnownFileType = sourcecode.swift; path = AssessmentInputView.swift; sourceTree = "<group>"; };
		8E2B9A959143902A4FBDA8A9 /* SmallWidgetView.swift */ = {isa = PBXFileReference; lastKnownFileType = sourcecode.swift; path = SmallWidgetView.swift; sourceTree = "<group>"; };
		8E3685C71023E956404C327C /* ProfileView.swift */ = {isa = PBXFileReference; lastKnownFileType = sourcecode.swift; path = ProfileView.swift; sourceTree = "<group>"; };
		8E496C2AB68E0A1D0FBEF183 /* OnboardingViewModelTests.swift */ = {isa = PBXFileReference; lastKnownFileType = sourcecode.swift; path = OnboardingViewModelTests.swift; sourceTree = "<group>"; };
		91444B39A676EDBC3C0AED7C /* AssessmentEntity+CoreDataClass.swift */ = {isa = PBXFileReference; lastKnownFileType = sourcecode.swift; path = "AssessmentEntity+CoreDataClass.swift"; sourceTree = "<group>"; };
		92119961504E37E78D0EC73A /* ContentCard.swift */ = {isa = PBXFileReference; lastKnownFileType = sourcecode.swift; path = ContentCard.swift; sourceTree = "<group>"; };
		924708B36D09F5CFCF0C3C8E /* SkillDetailView.swift */ = {isa = PBXFileReference; lastKnownFileType = sourcecode.swift; path = SkillDetailView.swift; sourceTree = "<group>"; };
		9294EA313A9E2B68583465C6 /* Rating.swift */ = {isa = PBXFileReference; lastKnownFileType = sourcecode.swift; path = Rating.swift; sourceTree = "<group>"; };
		971C3122A8AD0D9D68D98AFE /* ContentLoader.swift */ = {isa = PBXFileReference; lastKnownFileType = sourcecode.swift; path = ContentLoader.swift; sourceTree = "<group>"; };
		9BE5683C7608F0CC82575990 /* AssessmentRepositoryTests.swift */ = {isa = PBXFileReference; lastKnownFileType = sourcecode.swift; path = AssessmentRepositoryTests.swift; sourceTree = "<group>"; };
		9C95B97FB9BD8E5B24BD684D /* Colors.swift */ = {isa = PBXFileReference; lastKnownFileType = sourcecode.swift; path = Colors.swift; sourceTree = "<group>"; };
		A3712057CEFAF0E191562577 /* SkillRepository.swift */ = {isa = PBXFileReference; lastKnownFileType = sourcecode.swift; path = SkillRepository.swift; sourceTree = "<group>"; };
		A409658048BF87FB231285F1 /* PreferencesEntity+CoreDataClass.swift */ = {isa = PBXFileReference; lastKnownFileType = sourcecode.swift; path = "PreferencesEntity+CoreDataClass.swift"; sourceTree = "<group>"; };
		A541F17C417D2C15DAF74588 /* DomainRadarChart.swift */ = {isa = PBXFileReference; lastKnownFileType = sourcecode.swift; path = DomainRadarChart.swift; sourceTree = "<group>"; };
		A609948B3A0BB8CB0700EC28 /* ContentManager.swift */ = {isa = PBXFileReference; lastKnownFileType = sourcecode.swift; path = ContentManager.swift; sourceTree = "<group>"; };
		A6FF11B57EC4B0713412865F /* CoachFAB.swift */ = {isa = PBXFileReference; includeInIndex = 1; lastKnownFileType = sourcecode.swift; path = CoachFAB.swift; sourceTree = "<group>"; };
		A8104DBFBF59D7E022642C45 /* TurnLabApp.swift */ = {isa = PBXFileReference; lastKnownFileType = sourcecode.swift; path = TurnLabApp.swift; sourceTree = "<group>"; };
		ACB6BF2D8441C2F8FC3FC82E /* Skill.swift */ = {isa = PBXFileReference; lastKnownFileType = sourcecode.swift; path = Skill.swift; sourceTree = "<group>"; };
		B01638A197B4D3FA8DDD3401 /* ProfileViewModel.swift */ = {isa = PBXFileReference; lastKnownFileType = sourcecode.swift; path = ProfileViewModel.swift; sourceTree = "<group>"; };
		B157627F045346FF366A0947 /* YouTubePlayerView.swift */ = {isa = PBXFileReference; lastKnownFileType = sourcecode.swift; path = YouTubePlayerView.swift; sourceTree = "<group>"; };
		B1D715C3BAE4BDA4648DAECD /* OnboardingViewModel.swift */ = {isa = PBXFileReference; lastKnownFileType = sourcecode.swift; path = OnboardingViewModel.swift; sourceTree = "<group>"; };
		B45DDF280752EE778FE5B6CC /* OnboardingContainerView.swift */ = {isa = PBXFileReference; lastKnownFileType = sourcecode.swift; path = OnboardingContainerView.swift; sourceTree = "<group>"; };
		B67CA18BE614A2175511FCD7 /* SkillTests.swift */ = {isa = PBXFileReference; lastKnownFileType = sourcecode.swift; path = SkillTests.swift; sourceTree = "<group>"; };
		B69D960D1918A97E98D15E8E /* LevelBadge.swift */ = {isa = PBXFileReference; lastKnownFileType = sourcecode.swift; path = LevelBadge.swift; sourceTree = "<group>"; };
		B890CB57C068BB70C6848AFE /* VideoContentTab.swift */ = {isa = PBXFileReference; lastKnownFileType = sourcecode.swift; path = VideoContentTab.swift; sourceTree = "<group>"; };
		B90ACEF8994D313C8E2DEAD4 /* SkillContent.swift */ = {isa = PBXFileReference; lastKnownFileType = sourcecode.swift; path = SkillContent.swift; sourceTree = "<group>"; };
		B94AFFE93A50D30CBCFD10F2 /* TurnLabUITests.swift */ = {isa = PBXFileReference; lastKnownFileType = sourcecode.swift; path = TurnLabUITests.swift; sourceTree = "<group>"; };
		BC80877BC7625C0B40B0023E /* AppState.swift */ = {isa = PBXFileReference; lastKnownFileType = sourcecode.swift; path = AppState.swift; sourceTree = "<group>"; };
		BDEFB30C090107CC56F8A5F5 /* QuizResultView.swift */ = {isa = PBXFileReference; lastKnownFileType = sourcecode.swift; path = QuizResultView.swift; sourceTree = "<group>"; };
		C16C4211DEC32D9DEDED5338 /* videos.json */ = {isa = PBXFileReference; lastKnownFileType = text.json; path = videos.json; sourceTree = "<group>"; };
		C36761D210C5BEA92DCAB8D2 /* UserRepository.swift */ = {isa = PBXFileReference; lastKnownFileType = sourcecode.swift; path = UserRepository.swift; sourceTree = "<group>"; };
		C454AF33F8A65DE668A35924 /* SkillLevel.swift */ = {isa = PBXFileReference; lastKnownFileType = sourcecode.swift; path = SkillLevel.swift; sourceTree = "<group>"; };
		C5CEACE304CBC7A9A22B4270 /* MockSkillRepository.swift */ = {isa = PBXFileReference; lastKnownFileType = sourcecode.swift; path = MockSkillRepository.swift; sourceTree = "<group>"; };
		C715F2F903B2AEF4DA5C02B0 /* TurnLabWidget.swift */ = {isa = PBXFileReference; lastKnownFileType = sourcecode.swift; path = TurnLabWidget.swift; sourceTree = "<group>"; };
		CD5A7E1693428BC6380048BB /* DIContainer.swift */ = {isa = PBXFileReference; lastKnownFileType = sourcecode.swift; path = DIContainer.swift; sourceTree = "<group>"; };
		CD646A1D0F02A73722CED935 /* MainTabView.swift */ = {isa = PBXFileReference; lastKnownFileType = sourcecode.swift; path = MainTabView.swift; sourceTree = "<group>"; };
		CE21E52D3ABDCDB5C5157762 /* FocusSkillEntry.swift */ = {isa = PBXFileReference; lastKnownFileType = sourcecode.swift; path = FocusSkillEntry.swift; sourceTree = "<group>"; };
		CFBBE280472738463B0DB6A8 /* QuizQuestion.swift */ = {isa = PBXFileReference; lastKnownFileType = sourcecode.swift; path = QuizQuestion.swift; sourceTree = "<group>"; };
		D2331588CEFCCF599A184870 /* RootView.swift */ = {isa = PBXFileReference; lastKnownFileType = sourcecode.swift; path = RootView.swift; sourceTree = "<group>"; };
		D264A66171478F72F48FCD7D /* SkillFixtures.swift */ = {isa = PBXFileReference; lastKnownFileType = sourcecode.swift; path = SkillFixtures.swift; sourceTree = "<group>"; };
		D4ED6B35CF3938619541CB5A /* DrillsContentTab.swift */ = {isa = PBXFileReference; lastKnownFileType = sourcecode.swift; path = DrillsContentTab.swift; sourceTree = "<group>"; };
		DB0ED8CA6D56F165AAD5B3DA /* SettingsViewModel.swift */ = {isa = PBXFileReference; lastKnownFileType = sourcecode.swift; path = SettingsViewModel.swift; sourceTree = "<group>"; };
		DB6E2D9F66C8E067AC203628 /* OpenAIService.swift */ = {isa = PBXFileReference; includeInIndex = 1; lastKnownFileType = sourcecode.swift; path = OpenAIService.swift; sourceTree = "<group>"; };
		DBB4D189B1593EBFC61A10FC /* AssessmentRepository.swift */ = {isa = PBXFileReference; lastKnownFileType = sourcecode.swift; path = AssessmentRepository.swift; sourceTree = "<group>"; };
		E044259751B23F13AF40B202 /* SkillHeroSection.swift */ = {isa = PBXFileReference; lastKnownFileType = sourcecode.swift; path = SkillHeroSection.swift; sourceTree = "<group>"; };
		E35AFB76C494951856FB3221 /* Spacing.swift */ = {isa = PBXFileReference; lastKnownFileType = sourcecode.swift; path = Spacing.swift; sourceTree = "<group>"; };
		E61779816BE2E4E5DB334116 /* Checklist.swift */ = {isa = PBXFileReference; lastKnownFileType = sourcecode.swift; path = Checklist.swift; sourceTree = "<group>"; };
		EFAC7C1AF1C9DE02F280AED4 /* PrimaryButton.swift */ = {isa = PBXFileReference; lastKnownFileType = sourcecode.swift; path = PrimaryButton.swift; sourceTree = "<group>"; };
		EFD73BB21F2A794A7969613B /* AssessmentPicker.swift */ = {isa = PBXFileReference; lastKnownFileType = sourcecode.swift; path = AssessmentPicker.swift; sourceTree = "<group>"; };
		F166CA36B315F727ABA77B02 /* SkillDetailViewModel.swift */ = {isa = PBXFileReference; lastKnownFileType = sourcecode.swift; path = SkillDetailViewModel.swift; sourceTree = "<group>"; };
		F1C060D1A1EDF3D8B708B76A /* TerrainContext.swift */ = {isa = PBXFileReference; lastKnownFileType = sourcecode.swift; path = TerrainContext.swift; sourceTree = "<group>"; };
		F5AD3111C55CDC17F22E4840 /* TurnLab.xcdatamodel */ = {isa = PBXFileReference; lastKnownFileType = wrapper.xcdatamodel; path = TurnLab.xcdatamodel; sourceTree = "<group>"; };
		FBF89E7B910FE892B045EB86 /* DomainBasedBrowserView.swift */ = {isa = PBXFileReference; lastKnownFileType = sourcecode.swift; path = DomainBasedBrowserView.swift; sourceTree = "<group>"; };
		RITUXYPH46BZCGAKVBT42KLN /* WelcomeBackCard.swift */ = {isa = PBXFileReference; lastKnownFileType = sourcecode.swift; path = WelcomeBackCard.swift; sourceTree = "<group>"; };
/* End PBXFileReference section */

/* Begin PBXGroup section */
		005419739807FF913DA670BE /* SkillDetail */ = {
			isa = PBXGroup;
			children = (
				ED6F701C35058E9E489E1118 /* ViewModels */,
				9DB0801078FF93B6D4EA458F /* Views */,
			);
			path = SkillDetail;
			sourceTree = "<group>";
		};
		08AAC576DB12D15071381142 /* Data */ = {
			isa = PBXGroup;
			children = (
				9BE5683C7608F0CC82575990 /* AssessmentRepositoryTests.swift */,
				7A9D5B0C0C8ACDBC704C2659 /* SkillRepositoryTests.swift */,
			);
			path = Data;
			sourceTree = "<group>";
		};
		11578D5A5CD65791DF1BE1B4 /* Resources */ = {
			isa = PBXGroup;
			children = (
				2101C1E67846886BA50C7D60 /* Assets.xcassets */,
				809DAC8D81C59AB8AAB64A29 /* Configuration.storekit */,
			);
			path = Resources;
			sourceTree = "<group>";
		};
		1375E1CB138677209C1D1CE7 /* ViewModels */ = {
			isa = PBXGroup;
			children = (
				DB0ED8CA6D56F165AAD5B3DA /* SettingsViewModel.swift */,
			);
			path = ViewModels;
			sourceTree = "<group>";
		};
		1AC1DF803B8B35471DD3CCE6 /* StoreKit */ = {
			isa = PBXGroup;
			children = (
				19D51758A9AEA14F0B504FE0 /* ProductIdentifiers.swift */,
				35AC73CE740E76E4B909ADD8 /* PurchaseService.swift */,
			);
			path = StoreKit;
			sourceTree = "<group>";
		};
		1BF1D61FBCD4D06AAE244B89 /* Views */ = {
			isa = PBXGroup;
			children = (
				B45DDF280752EE778FE5B6CC /* OnboardingContainerView.swift */,
				5EC85CC802ADFBE87E8935F4 /* QuizProgressBar.swift */,
				2D982F8C1FBDFC31B4B4D5C4 /* QuizQuestionView.swift */,
				BDEFB30C090107CC56F8A5F5 /* QuizResultView.swift */,
			);
			path = Views;
			sourceTree = "<group>";
		};
		1C10987EC431AD6A08852C9B /* Configuration */ = {
			isa = PBXGroup;
			children = (
				57829CBDE9611D45858D7E13 /* APIKeys.swift */,
			);
			name = Configuration;
			path = Configuration;
			sourceTree = "<group>";
		};
		1CC61726C81FB3B6CFFAB450 /* SkillBrowser */ = {
			isa = PBXGroup;
			children = (
				9249BD1068DF33A6FAD8CCFE /* ViewModels */,
				E4A0C7E056A7557CFB812328 /* Views */,
			);
			path = SkillBrowser;
			sourceTree = "<group>";
		};
		1D11CE61A284150F728E13EC /* Products */ = {
			isa = PBXGroup;
			children = (
				771ECB10407632E97DA63A96 /* TurnLab.app */,
				3C0C7CBF31217515735300A8 /* TurnLabTests.xctest */,
				4FF327BE8AAC2322E981C7ED /* TurnLabUITests.xctest */,
				47D36EEF5FA16E6591C36B14 /* TurnLabWidget.appex */,
			);
			name = Products;
			sourceTree = "<group>";
		};
		2237109D877814AC59C95D15 /* Onboarding */ = {
			isa = PBXGroup;
			children = (
				52EFE0E2F540444FC2FE7338 /* ViewModels */,
				1BF1D61FBCD4D06AAE244B89 /* Views */,
			);
			path = Onboarding;
			sourceTree = "<group>";
		};
		2A4BDEFE7629F9FD1672B2AD /* Profile */ = {
			isa = PBXGroup;
			children = (
				60FEEFC46BD420635EDB18FF /* ViewModels */,
				A5EDE6454BF93258BB984B8A /* Views */,
			);
			path = Profile;
			sourceTree = "<group>";
		};
		3224FDC460FF57BB8044A1E8 /* Settings */ = {
			isa = PBXGroup;
			children = (
				1375E1CB138677209C1D1CE7 /* ViewModels */,
				8F2B36A36096F4E1B0802741 /* Views */,
			);
			path = Settings;
			sourceTree = "<group>";
		};
		39BDC55208A368E1148A4074 /* Views */ = {
			isa = PBXGroup;
			children = (
				5EC201D5E722302FC756AC57 /* AssessmentHistoryView.swift */,
				8DE6C4961D3BA64F7E563DB7 /* AssessmentInputView.swift */,
			);
			path = Views;
			sourceTree = "<group>";
		};
		3AC795A3B6AEF2F1DAA759EC /* Design */ = {
			isa = PBXGroup;
			children = (
				9C95B97FB9BD8E5B24BD684D /* Colors.swift */,
				E35AFB76C494951856FB3221 /* Spacing.swift */,
				2FF2EA639817250A5854E262 /* Typography.swift */,
			);
			path = Design;
			sourceTree = "<group>";
		};
		3C8F5E6283E61D88E86E0287 /* ViewModels */ = {
			isa = PBXGroup;
			children = (
				0ADE6327E147F4C566A61FDE /* HomeViewModel.swift */,
			);
			path = ViewModels;
			sourceTree = "<group>";
		};
		3D569214BC20F934B3BEA2C3 /* Infrastructure */ = {
			isa = PBXGroup;
			children = (
				5AE10559BD62F8929D176AC7 /* CoreData */,
				1AC1DF803B8B35471DD3CCE6 /* StoreKit */,
			);
			path = Infrastructure;
			sourceTree = "<group>";
		};
		486CC91FF8421A366A2229C8 /* Features */ = {
			isa = PBXGroup;
			children = (
				D22C5D9AD7E980CB577C3879 /* Assessment */,
				A7849731F2AB031DADC925BD /* Home */,
				2237109D877814AC59C95D15 /* Onboarding */,
				2A4BDEFE7629F9FD1672B2AD /* Profile */,
				3224FDC460FF57BB8044A1E8 /* Settings */,
				1CC61726C81FB3B6CFFAB450 /* SkillBrowser */,
				005419739807FF913DA670BE /* SkillDetail */,
				8B124ED243560F28886C90DD /* Premium */,
				EFB4EB4B364A9757135B74A9 /* Coach */,
			);
			path = Features;
			sourceTree = "<group>";
		};
		4DA1B67739251FAEDBC63AB6 /* Fixtures */ = {
			isa = PBXGroup;
			children = (
				D264A66171478F72F48FCD7D /* SkillFixtures.swift */,
			);
			path = Fixtures;
			sourceTree = "<group>";
		};
		50B0925DB0AEE2F0135FBBF8 /* Views */ = {
			isa = PBXGroup;
			children = (
				1567BF70298281F16A9D5BF6 /* ContextualPremiumUpsellView.swift */,
			);
			name = Views;
			sourceTree = "<group>";
		};
		52EFE0E2F540444FC2FE7338 /* ViewModels */ = {
			isa = PBXGroup;
			children = (
				B1D715C3BAE4BDA4648DAECD /* OnboardingViewModel.swift */,
			);
			path = ViewModels;
			sourceTree = "<group>";
		};
		5AE10559BD62F8929D176AC7 /* CoreData */ = {
			isa = PBXGroup;
			children = (
				91444B39A676EDBC3C0AED7C /* AssessmentEntity+CoreDataClass.swift */,
				85354453C644BBFF34CDD166 /* CoreDataStack.swift */,
				A409658048BF87FB231285F1 /* PreferencesEntity+CoreDataClass.swift */,
				F62D772F062CA817B90B38D4 /* TurnLab.xcdatamodeld */,
				28020B65E0E45FC8997CF976 /* UserEntity+CoreDataClass.swift */,
			);
			path = CoreData;
			sourceTree = "<group>";
		};
		5E764410D9FF9E8EEAD923E6 /* Services */ = {
			isa = PBXGroup;
			children = (
				1F5501D1BE04D576C9B39E61 /* PremiumManager.swift */,
				4D0F627B93A2D615CBABA2CF /* ProgressionService.swift */,
				61A3EDAE4BDE486EA78814DA /* WidgetDataBridge.swift */,
				DB6E2D9F66C8E067AC203628 /* OpenAIService.swift */,
				6822048C04CF392AC8E14D16 /* CoachService.swift */,
			);
			path = Services;
			sourceTree = "<group>";
		};
		60FEEFC46BD420635EDB18FF /* ViewModels */ = {
			isa = PBXGroup;
			children = (
				B01638A197B4D3FA8DDD3401 /* ProfileViewModel.swift */,
			);
			path = ViewModels;
			sourceTree = "<group>";
		};
		6838BB10E793C9313A9C75A2 /* TurnLabTests */ = {
			isa = PBXGroup;
			children = (
				08AAC576DB12D15071381142 /* Data */,
				CFAD467ADA62285CDB9B36DF /* Domain */,
				4DA1B67739251FAEDBC63AB6 /* Fixtures */,
				9D8CAB2244AEC6C3C5793999 /* Mocks */,
				ADD08DD881DA8E2C80481F5B /* ViewModels */,
			);
			path = TurnLabTests;
			sourceTree = "<group>";
		};
		68B394604FABB264EB805DBE /* Protocols */ = {
			isa = PBXGroup;
			children = (
				8511D8F5F196008CD1756925 /* AssessmentRepositoryProtocol.swift */,
				1041F53228D4CB723DC6AA46 /* SkillRepositoryProtocol.swift */,
				0763E404AFAABD8389300728 /* UserRepositoryProtocol.swift */,
			);
			path = Protocols;
			sourceTree = "<group>";
		};
		6D575D1ADC2F2392CD0F4E0A /* Views */ = {
			isa = PBXGroup;
			children = (
				56BB1E8F5CCBC2DAFC96B701 /* MediumWidgetView.swift */,
				8E2B9A959143902A4FBDA8A9 /* SmallWidgetView.swift */,
			);
			path = Views;
			sourceTree = "<group>";
		};
		71EB13FD013C361DBD137B44 /* Domain */ = {
			isa = PBXGroup;
			children = (
				ADEF9565F4409476DB109F9D /* Models */,
				68B394604FABB264EB805DBE /* Protocols */,
			);
			path = Domain;
			sourceTree = "<group>";
		};
		74A999D454CD4F99EE2109C0 /* Content */ = {
			isa = PBXGroup;
			children = (
				7DB3A6FBBF985EF019D76F7B /* quiz.json */,
				831FAE4F8E4FF482C976E2E2 /* skills.json */,
				C16C4211DEC32D9DEDED5338 /* videos.json */,
			);
			name = Content;
			path = TurnLab/Resources/Content;
			sourceTree = "<group>";
		};
		82E7186569911EBB6C011812 /* ViewModels */ = {
			isa = PBXGroup;
			children = (
				6039232C88D87E15F4F19F9E /* CoachViewModel.swift */,
			);
			name = ViewModels;
			path = ViewModels;
			sourceTree = "<group>";
		};
		8B124ED243560F28886C90DD /* Premium */ = {
			isa = PBXGroup;
			children = (
				50B0925DB0AEE2F0135FBBF8 /* Views */,
			);
			name = Premium;
			sourceTree = "<group>";
		};
		8BDF2A1A73C712194C949D5A /* TurnLabUITests */ = {
			isa = PBXGroup;
			children = (
				B94AFFE93A50D30CBCFD10F2 /* TurnLabUITests.swift */,
				27C28E6CF15775623D30B9CF /* TurnLabUITestsLaunchTests.swift */,
			);
			path = TurnLabUITests;
			sourceTree = "<group>";
		};
		8F2B36A36096F4E1B0802741 /* Views */ = {
			isa = PBXGroup;
			children = (
				74268931369BA02078D804E5 /* PremiumPurchaseView.swift */,
				39D4C76725530ED45DB15489 /* SettingsView.swift */,
			);
			path = Views;
			sourceTree = "<group>";
		};
		9249BD1068DF33A6FAD8CCFE /* ViewModels */ = {
			isa = PBXGroup;
			children = (
				4AA5E32522A260B74B5A28ED /* SkillBrowserViewModel.swift */,
			);
			path = ViewModels;
			sourceTree = "<group>";
		};
		9D8CAB2244AEC6C3C5793999 /* Mocks */ = {
			isa = PBXGroup;
			children = (
				48C0935E81C4957DEF2ECB71 /* MockAssessmentRepository.swift */,
				C5CEACE304CBC7A9A22B4270 /* MockSkillRepository.swift */,
				89321E3F419605A438FF7046 /* MockUserRepository.swift */,
			);
			path = Mocks;
			sourceTree = "<group>";
		};
		9DB0801078FF93B6D4EA458F /* Views */ = {
			isa = PBXGroup;
			children = (
				60F3B2CDCB20D382A71D0540 /* AssessmentSection.swift */,
				D4ED6B35CF3938619541CB5A /* DrillsContentTab.swift */,
				924708B36D09F5CFCF0C3C8E /* SkillDetailView.swift */,
				E044259751B23F13AF40B202 /* SkillHeroSection.swift */,
				72BD22249773C6DB029EE93C /* TipsContentTab.swift */,
				B890CB57C068BB70C6848AFE /* VideoContentTab.swift */,
			);
			path = Views;
			sourceTree = "<group>";
		};
		A23895557C8A8BD162AAF4CC /* Repositories */ = {
			isa = PBXGroup;
			children = (
				DBB4D189B1593EBFC61A10FC /* AssessmentRepository.swift */,
				A3712057CEFAF0E191562577 /* SkillRepository.swift */,
				C36761D210C5BEA92DCAB8D2 /* UserRepository.swift */,
			);
			path = Repositories;
			sourceTree = "<group>";
		};
		A5774F8DC84D89D8826D14F2 /* TurnLab */ = {
			isa = PBXGroup;
			children = (
				B68289B182E63AD5982A1C65 /* App */,
				D849B826CEF0EF6CA470BC6A /* Components */,
				F4276AF71551D4884CFE3F3E /* Data */,
				3AC795A3B6AEF2F1DAA759EC /* Design */,
				71EB13FD013C361DBD137B44 /* Domain */,
				CE5443663506ED96AE2C7721 /* Extensions */,
				486CC91FF8421A366A2229C8 /* Features */,
				3D569214BC20F934B3BEA2C3 /* Infrastructure */,
				C303FB2CF314B6D6F68CE75D /* Navigation */,
				11578D5A5CD65791DF1BE1B4 /* Resources */,
				5E764410D9FF9E8EEAD923E6 /* Services */,
				812603E5BBF8BBF08298F9CF /* PrivacyInfo.xcprivacy */,
				115EC25BAB4F26491AE70F23 /* TurnLab.entitlements */,
				1C10987EC431AD6A08852C9B /* Configuration */,
			);
			path = TurnLab;
			sourceTree = "<group>";
		};
		A5EDE6454BF93258BB984B8A /* Views */ = {
			isa = PBXGroup;
			children = (
				A541F17C417D2C15DAF74588 /* DomainRadarChart.swift */,
				81F6FAAD0E74E5DD855A5548 /* LevelProgressionSection.swift */,
				8E3685C71023E956404C327C /* ProfileView.swift */,
				2D3DDB5A3639EFDEAA4DBB11 /* StatsGridSection.swift */,
			);
			path = Views;
			sourceTree = "<group>";
		};
		A7849731F2AB031DADC925BD /* Home */ = {
			isa = PBXGroup;
			children = (
				3C8F5E6283E61D88E86E0287 /* ViewModels */,
				E5896A4C799AB7A4C23315F4 /* Views */,
			);
			path = Home;
			sourceTree = "<group>";
		};
		ADD08DD881DA8E2C80481F5B /* ViewModels */ = {
			isa = PBXGroup;
			children = (
				0431BD337A1B453AEEA8967A /* HomeViewModelTests.swift */,
				8E496C2AB68E0A1D0FBEF183 /* OnboardingViewModelTests.swift */,
			);
			path = ViewModels;
			sourceTree = "<group>";
		};
		ADEF9565F4409476DB109F9D /* Models */ = {
			isa = PBXGroup;
			children = (
				E61779816BE2E4E5DB334116 /* Checklist.swift */,
				2BFF091A409C82C3CC69A81A /* Drill.swift */,
				CFBBE280472738463B0DB6A8 /* QuizQuestion.swift */,
				9294EA313A9E2B68583465C6 /* Rating.swift */,
				ACB6BF2D8441C2F8FC3FC82E /* Skill.swift */,
				B90ACEF8994D313C8E2DEAD4 /* SkillContent.swift */,
				89B7FAC6A69A72B311D19FD0 /* SkillDomain.swift */,
				C454AF33F8A65DE668A35924 /* SkillLevel.swift */,
				F1C060D1A1EDF3D8B708B76A /* TerrainContext.swift */,
				4A75DF96A1449AEDD48ACEA0 /* Tip.swift */,
				60C16CDC0894852BD5268DB6 /* VideoReference.swift */,
			);
			path = Models;
			sourceTree = "<group>";
		};
		AF139E8423A7C476E0115FBE /* ViewModels */ = {
			isa = PBXGroup;
			children = (
				0CFA7CD6B48D93B14D084037 /* AssessmentViewModel.swift */,
			);
			path = ViewModels;
			sourceTree = "<group>";
		};
		B153D6B972ED79F0B6945BD3 = {
			isa = PBXGroup;
			children = (
				74A999D454CD4F99EE2109C0 /* Content */,
				A5774F8DC84D89D8826D14F2 /* TurnLab */,
				6838BB10E793C9313A9C75A2 /* TurnLabTests */,
				8BDF2A1A73C712194C949D5A /* TurnLabUITests */,
				BC78D10E002846EA1D2802B7 /* TurnLabWidget */,
				1D11CE61A284150F728E13EC /* Products */,
			);
			sourceTree = "<group>";
		};
		B68289B182E63AD5982A1C65 /* App */ = {
			isa = PBXGroup;
			children = (
				BC80877BC7625C0B40B0023E /* AppState.swift */,
				CD5A7E1693428BC6380048BB /* DIContainer.swift */,
				CD646A1D0F02A73722CED935 /* MainTabView.swift */,
				D2331588CEFCCF599A184870 /* RootView.swift */,
				A8104DBFBF59D7E022642C45 /* TurnLabApp.swift */,
			);
			path = App;
			sourceTree = "<group>";
		};
		BC78D10E002846EA1D2802B7 /* TurnLabWidget */ = {
			isa = PBXGroup;
			children = (
				6D575D1ADC2F2392CD0F4E0A /* Views */,
				CE21E52D3ABDCDB5C5157762 /* FocusSkillEntry.swift */,
				6A993F2E64E2CFE17726D097 /* FocusSkillProvider.swift */,
				1B9D0323A7A08565F6DEE746 /* TurnLabWidget.entitlements */,
				C715F2F903B2AEF4DA5C02B0 /* TurnLabWidget.swift */,
				3F93645F6216437DCC262640 /* TurnLabWidgetBundle.swift */,
			);
			path = TurnLabWidget;
			sourceTree = "<group>";
		};
		C303FB2CF314B6D6F68CE75D /* Navigation */ = {
			isa = PBXGroup;
			children = (
				526E7A9F9918646F5A7B069C /* NavigationRouter.swift */,
				74CB298DE112C4371BFE1D54 /* Route.swift */,
			);
			path = Navigation;
			sourceTree = "<group>";
		};
		CE5443663506ED96AE2C7721 /* Extensions */ = {
			isa = PBXGroup;
			children = (
			);
			path = Extensions;
			sourceTree = "<group>";
		};
		CFAD467ADA62285CDB9B36DF /* Domain */ = {
			isa = PBXGroup;
			children = (
				5A78CE7BBEC040F59591AADD /* ProgressionServiceTests.swift */,
				B67CA18BE614A2175511FCD7 /* SkillTests.swift */,
			);
			path = Domain;
			sourceTree = "<group>";
		};
		D22C5D9AD7E980CB577C3879 /* Assessment */ = {
			isa = PBXGroup;
			children = (
				AF139E8423A7C476E0115FBE /* ViewModels */,
				39BDC55208A368E1148A4074 /* Views */,
			);
			path = Assessment;
			sourceTree = "<group>";
		};
		D849B826CEF0EF6CA470BC6A /* Components */ = {
			isa = PBXGroup;
			children = (
				EFD73BB21F2A794A7969613B /* AssessmentPicker.swift */,
				7430CC823B0238A5E217C72F /* ChecklistCard.swift */,
				92119961504E37E78D0EC73A /* ContentCard.swift */,
				8DB9C0Z92G41RPNQ99FIFBIV /* ProgressCelebration.swift */,
				0UR4L0F9T8LCJ877E3E4YD8I /* TerrainBadge.swift */,
				46EFAC8C77D391093172CE3D /* DomainTag.swift */,
				2D3B7CB3BF90B9E8E581933F /* DrillCard.swift */,
				32B0E86A3683E1D008A70D03 /* EmptyStateView.swift */,
				B69D960D1918A97E98D15E8E /* LevelBadge.swift */,
				38DF9B43F98E5EF741FAAF37 /* MountainBackgroundView.swift */,
				EFAC7C1AF1C9DE02F280AED4 /* PrimaryButton.swift */,
				6FEEF3C621DDDC1819663525 /* ProgressRing.swift */,
				36A694187FE5F9C4DB7C3751 /* SkillCard.swift */,
				49B6A6CA7576F53AAC9CAD27 /* SkillProgressIndicator.swift */,
				029B30F69DBCD8FB9A18FC3B /* TerrainContextPicker.swift */,
				5D0E741E4E82ABD3823D8F8B /* TipCard.swift */,
				B157627F045346FF366A0947 /* YouTubePlayerView.swift */,
				A6FF11B57EC4B0713412865F /* CoachFAB.swift */,
			);
			path = Components;
			sourceTree = "<group>";
		};
		E4A0C7E056A7557CFB812328 /* Views */ = {
			isa = PBXGroup;
			children = (
				FBF89E7B910FE892B045EB86 /* DomainBasedBrowserView.swift */,
				34BD00682CAC9784813DD667 /* LevelBasedBrowserView.swift */,
				431A149E168D4C67C6960161 /* SkillBrowserView.swift */,
				137550981CA85AFA219810AB /* SkillRowView.swift */,
			);
			path = Views;
			sourceTree = "<group>";
		};
		E5896A4C799AB7A4C23315F4 /* Views */ = {
			isa = PBXGroup;
			children = (
				6BF9D4C9FC6D6138064BBB58 /* FocusSkillCard.swift */,
				4FFD71084DD18C8BD650B31A /* HomeView.swift */,
				73A33325192E7DBD761C82B4 /* LevelProgressCard.swift */,
				8592119E2E3AF9BED5D8E525 /* SuggestedContentSection.swift */,
				RITUXYPH46BZCGAKVBT42KLN /* WelcomeBackCard.swift */,
			);
			path = Views;
			sourceTree = "<group>";
		};
		ECA74D095946E253A776F263 /* Views */ = {
			isa = PBXGroup;
			children = (
				5BEF687AF44A0CAAB2480374 /* CoachChatView.swift */,
			);
			name = Views;
			path = Views;
			sourceTree = "<group>";
		};
		ED6F701C35058E9E489E1118 /* ViewModels */ = {
			isa = PBXGroup;
			children = (
				F166CA36B315F727ABA77B02 /* SkillDetailViewModel.swift */,
			);
			path = ViewModels;
			sourceTree = "<group>";
		};
		EFB4EB4B364A9757135B74A9 /* Coach */ = {
			isa = PBXGroup;
			children = (
				82E7186569911EBB6C011812 /* ViewModels */,
				ECA74D095946E253A776F263 /* Views */,
				4263ED44DD6CE6E28D97684D /* CoachMessage.swift */,
			);
			name = Coach;
			path = Coach;
			sourceTree = "<group>";
		};
		F4276AF71551D4884CFE3F3E /* Data */ = {
			isa = PBXGroup;
			children = (
				A23895557C8A8BD162AAF4CC /* Repositories */,
				971C3122A8AD0D9D68D98AFE /* ContentLoader.swift */,
				A609948B3A0BB8CB0700EC28 /* ContentManager.swift */,
			);
			path = Data;
			sourceTree = "<group>";
		};
/* End PBXGroup section */

/* Begin PBXNativeTarget section */
		1F3E627F1632071DBBC4B151 /* TurnLab */ = {
			isa = PBXNativeTarget;
			buildConfigurationList = F324351932868AE27F6466E2 /* Build configuration list for PBXNativeTarget "TurnLab" */;
			buildPhases = (
				5BA5D499DD8A15223E9E5633 /* Sources */,
				F4F39D27CB17C843C2DCCE59 /* Resources */,
				6A0958EF96C352D00F14EF6D /* Embed Foundation Extensions */,
			);
			buildRules = (
			);
			dependencies = (
				5E2B3CC509C5D3FC4C7684E7 /* PBXTargetDependency */,
			);
			name = TurnLab;
			productName = TurnLab;
			productReference = 771ECB10407632E97DA63A96 /* TurnLab.app */;
			productType = "com.apple.product-type.application";
		};
		8672C3077E9790326F3E55DF /* TurnLabTests */ = {
			isa = PBXNativeTarget;
			buildConfigurationList = B9D3E47E8AA3390922718E29 /* Build configuration list for PBXNativeTarget "TurnLabTests" */;
			buildPhases = (
				CF1DB74250EDE777E43CF35C /* Sources */,
			);
			buildRules = (
			);
			dependencies = (
				43F3221B5462109078A52350 /* PBXTargetDependency */,
			);
			name = TurnLabTests;
			productName = TurnLabTests;
			productReference = 3C0C7CBF31217515735300A8 /* TurnLabTests.xctest */;
			productType = "com.apple.product-type.bundle.unit-test";
		};
		89A7EB893834CEE868E7E82B /* TurnLabWidget */ = {
			isa = PBXNativeTarget;
			buildConfigurationList = D6ED30AD97C67A2314F13776 /* Build configuration list for PBXNativeTarget "TurnLabWidget" */;
			buildPhases = (
				16F26373FD5B926D8D405091 /* Sources */,
			);
			buildRules = (
			);
			dependencies = (
			);
			name = TurnLabWidget;
			productName = TurnLabWidget;
			productReference = 47D36EEF5FA16E6591C36B14 /* TurnLabWidget.appex */;
			productType = "com.apple.product-type.app-extension";
		};
		C3091A30E210F47F2C051CCC /* TurnLabUITests */ = {
			isa = PBXNativeTarget;
			buildConfigurationList = A04B2BD9A05424BA4043C808 /* Build configuration list for PBXNativeTarget "TurnLabUITests" */;
			buildPhases = (
				80DDAAB96CC9F98DE32B7974 /* Sources */,
			);
			buildRules = (
			);
			dependencies = (
				EEB378ABE3530005717CC97A /* PBXTargetDependency */,
			);
			name = TurnLabUITests;
			productName = TurnLabUITests;
			productReference = 4FF327BE8AAC2322E981C7ED /* TurnLabUITests.xctest */;
			productType = "com.apple.product-type.bundle.ui-testing";
		};
/* End PBXNativeTarget section */

/* Begin PBXProject section */
		F521E78342E79B19BF7CBC77 /* Project object */ = {
			isa = PBXProject;
			attributes = {
				BuildIndependentTargetsInParallel = YES;
				LastUpgradeCheck = 1500;
				TargetAttributes = {
					1F3E627F1632071DBBC4B151 = {
						DevelopmentTeam = ARPUVY7JZ9;
						ProvisioningStyle = Automatic;
					};
					8672C3077E9790326F3E55DF = {
						DevelopmentTeam = ARPUVY7JZ9;
						ProvisioningStyle = Automatic;
					};
					89A7EB893834CEE868E7E82B = {
						DevelopmentTeam = ARPUVY7JZ9;
						ProvisioningStyle = Automatic;
					};
					C3091A30E210F47F2C051CCC = {
						DevelopmentTeam = ARPUVY7JZ9;
						ProvisioningStyle = Automatic;
						TestTargetID = 1F3E627F1632071DBBC4B151;
					};
				};
			};
			buildConfigurationList = 4A536C3D4FCF648B3CBB14BA /* Build configuration list for PBXProject "TurnLab" */;
			compatibilityVersion = "Xcode 14.0";
			developmentRegion = en;
			hasScannedForEncodings = 0;
			knownRegions = (
				Base,
				en,
			);
			mainGroup = B153D6B972ED79F0B6945BD3;
			minimizedProjectReferenceProxies = 1;
			preferredProjectObjectVersion = 77;
			productRefGroup = 1D11CE61A284150F728E13EC /* Products */;
			projectDirPath = "";
			projectRoot = "";
			targets = (
				1F3E627F1632071DBBC4B151 /* TurnLab */,
				8672C3077E9790326F3E55DF /* TurnLabTests */,
				C3091A30E210F47F2C051CCC /* TurnLabUITests */,
				89A7EB893834CEE868E7E82B /* TurnLabWidget */,
			);
		};
/* End PBXProject section */

/* Begin PBXResourcesBuildPhase section */
		F4F39D27CB17C843C2DCCE59 /* Resources */ = {
			isa = PBXResourcesBuildPhase;
			buildActionMask = 2147483647;
			files = (
				E700D4097FD655857F60D7BA /* Assets.xcassets in Resources */,
				52D8E05AD59F0E7773409388 /* Configuration.storekit in Resources */,
				A27581C09022914238CC4639 /* PrivacyInfo.xcprivacy in Resources */,
				8E9A02FB5FA0B5FAA6D00BB0 /* quiz.json in Resources */,
				4274C6E77EAA347898B97BBC /* skills.json in Resources */,
				E82B132FA0A6716B330D0DC0 /* videos.json in Resources */,
			);
			runOnlyForDeploymentPostprocessing = 0;
		};
/* End PBXResourcesBuildPhase section */

/* Begin PBXSourcesBuildPhase section */
		16F26373FD5B926D8D405091 /* Sources */ = {
			isa = PBXSourcesBuildPhase;
			buildActionMask = 2147483647;
			files = (
				81EA70A91B99C8D920223138 /* FocusSkillEntry.swift in Sources */,
				03600CE8643F4DEE5692B4B2 /* FocusSkillProvider.swift in Sources */,
				672303AE078D71FEE1B772EF /* MediumWidgetView.swift in Sources */,
				F64BE6F67D15CDE6F1EA9AAA /* SmallWidgetView.swift in Sources */,
				43B6116DD60B2672BA327143 /* TurnLabWidget.swift in Sources */,
				B25FC164C340D380515CCB89 /* TurnLabWidgetBundle.swift in Sources */,
			);
			runOnlyForDeploymentPostprocessing = 0;
		};
		5BA5D499DD8A15223E9E5633 /* Sources */ = {
			isa = PBXSourcesBuildPhase;
			buildActionMask = 2147483647;
			files = (
				55415214AF5D94C3CCF68836 /* AppState.swift in Sources */,
				8397025E6763BEAC08326824 /* AssessmentEntity+CoreDataClass.swift in Sources */,
				2A453AA8BFD4D7E4E981F340 /* AssessmentHistoryView.swift in Sources */,
				494D5D6048757C10A815739D /* AssessmentInputView.swift in Sources */,
				386C8D1162289B11E0118446 /* AssessmentPicker.swift in Sources */,
				6B5B24327FE72B6A740BBC88 /* AssessmentRepository.swift in Sources */,
				D8CB7C4184592385A31643E1 /* AssessmentRepositoryProtocol.swift in Sources */,
				87C18B51558446289E49BBDB /* AssessmentSection.swift in Sources */,
				914B1B59A09FD8DD09A080DA /* AssessmentViewModel.swift in Sources */,
				70670E554DD84DFD90BCD478 /* Checklist.swift in Sources */,
				30BFAB5ABABA43AB02A88E22 /* ChecklistCard.swift in Sources */,
				A183B0FB3088F2AD0D2532E5 /* Colors.swift in Sources */,
				987D327330CE86A37B9044FB /* ContentCard.swift in Sources */,
				F1273A430295174CCDBED840 /* ContentLoader.swift in Sources */,
				7CC0E15DB51F335C52871CB7 /* ContentManager.swift in Sources */,
				7F5044029961A849E1823B1C /* CoreDataStack.swift in Sources */,
				A56C802EB90E0E328B883214 /* DIContainer.swift in Sources */,
				526E229A7F899BD392E7FFEB /* DomainBasedBrowserView.swift in Sources */,
				9E02250E5FEBEA945BC24CA1 /* DomainRadarChart.swift in Sources */,
				04E35653F2EA578417D20D08 /* DomainTag.swift in Sources */,
				F3BC3C34202CA9A2006FF148 /* Drill.swift in Sources */,
				4D8FC5CEC3505F0093F552B3 /* DrillCard.swift in Sources */,
				592423B7D591098DC1020E57 /* DrillsContentTab.swift in Sources */,
				47BE1BEEED04A6C6E961D241 /* EmptyStateView.swift in Sources */,
				01D4F981DB2B8DD8C188DD41 /* FocusSkillCard.swift in Sources */,
				444F83955A1086659DAB3E6E /* HomeView.swift in Sources */,
				79E07077D756275F0A483F5F /* HomeViewModel.swift in Sources */,
				733C081ECB8E64D9A69B2000 /* LevelBadge.swift in Sources */,
				971B1D663DB481073903FAAA /* LevelBasedBrowserView.swift in Sources */,
				2FC6E803242B875458EB8B38 /* LevelProgressCard.swift in Sources */,
				080EE192B1FC0B773A0D4E4A /* LevelProgressionSection.swift in Sources */,
				F1859D83A68C609B7D05D1B9 /* MainTabView.swift in Sources */,
				086531066B7D773C847DAD2B /* MountainBackgroundView.swift in Sources */,
				7CD5A05B7E0132222AA73D26 /* NavigationRouter.swift in Sources */,
				BC4B1A5E8F9AD7DC799B5B50 /* OnboardingContainerView.swift in Sources */,
				F854663E250451D211259A76 /* OnboardingViewModel.swift in Sources */,
				07E796DC55761B8E4DE736D9 /* PreferencesEntity+CoreDataClass.swift in Sources */,
				104E6BCF66021252D1D37686 /* PremiumManager.swift in Sources */,
				93A712B6539FEDC0933E79D5 /* PremiumPurchaseView.swift in Sources */,
				607409AC6CE616FBD46422A8 /* PrimaryButton.swift in Sources */,
				9B5EA4F135E20E881D97E900 /* ProductIdentifiers.swift in Sources */,
				7EC563080B1F6F89C70BEAA1 /* ProfileView.swift in Sources */,
				E30E2D6104C0DD8FDAF38387 /* ProfileViewModel.swift in Sources */,
				BB322E3A09F24363935BA6BE /* ProgressRing.swift in Sources */,
				4EE31CE36405E36D98994834 /* ProgressionService.swift in Sources */,
				217F798D6FF0945C3E236316 /* PurchaseService.swift in Sources */,
				4698180015A7EAEBB32F6969 /* QuizProgressBar.swift in Sources */,
				984CE9CD5230DF325DC50A8C /* QuizQuestion.swift in Sources */,
				D5AAE14F66CCA404505C53C0 /* QuizQuestionView.swift in Sources */,
				0DB2C1DD73F590964FA82CAD /* QuizResultView.swift in Sources */,
				5A98E05EAC3DEE84E1233412 /* Rating.swift in Sources */,
				A5C4C2825E197D0B896DC0C4 /* RootView.swift in Sources */,
				4255267CD020AF6CE58323F4 /* Route.swift in Sources */,
				92E7A90FFA529F7F6558AC5C /* SettingsView.swift in Sources */,
				95F01B2A761A1DABBE585EDE /* SettingsViewModel.swift in Sources */,
				7257E923F52CB1FD64F0BD14 /* Skill.swift in Sources */,
				AAB973857C6C9420519E11F2 /* SkillBrowserView.swift in Sources */,
				586E94689C42F719F6F02A80 /* SkillBrowserViewModel.swift in Sources */,
				B5C9FBB4432629F71C7E9E71 /* SkillCard.swift in Sources */,
				B94FEC35AC3A15E14FACB5A2 /* SkillContent.swift in Sources */,
				9C3D53B1D47B3D338E566904 /* SkillDetailView.swift in Sources */,
				FE6873635037F3074BD4359B /* SkillDetailViewModel.swift in Sources */,
				B85D4EA3CC89AA7A2121170C /* SkillDomain.swift in Sources */,
				55679F439714C977C70F7185 /* SkillHeroSection.swift in Sources */,
				176A55B3BB990203D15AD8A6 /* SkillLevel.swift in Sources */,
				8C1D5C2F4F1B4CC06BA1020F /* SkillProgressIndicator.swift in Sources */,
				5B1DA5D59ED386D804719A3E /* SkillRepository.swift in Sources */,
				B65C64D780BFB0329F0FDE55 /* SkillRepositoryProtocol.swift in Sources */,
				6590E8EC845B8EC468D281C3 /* SkillRowView.swift in Sources */,
				93F805256D976B4B942C6260 /* Spacing.swift in Sources */,
				9E9E06E0D94E04232AA7704D /* StatsGridSection.swift in Sources */,
				5D0968E901EB2D276D4ED47F /* SuggestedContentSection.swift in Sources */,
				E4A253D23E291430CB709F67 /* TerrainContext.swift in Sources */,
				517C1B181D161116CF53993D /* TerrainContextPicker.swift in Sources */,
				F27667C480FECFA5751E9F38 /* Tip.swift in Sources */,
				3E4E76B58F82A2959ABB9C91 /* TipCard.swift in Sources */,
				MSGI0J0AUF0WMMA579XQVMRU /* TerrainBadge.swift in Sources */,
				U9PHT4OGASAL3OAPFCAEQXBX /* WelcomeBackCard.swift in Sources */,
				QWLRVUENEF057GU64VCVSEAT /* ProgressCelebration.swift in Sources */,
				D4334BFE0A3988DF13FBD30A /* TipsContentTab.swift in Sources */,
				92B8EB14BBDCD9F7F18CF4D8 /* TurnLab.xcdatamodeld in Sources */,
				5385DF6E075FA3C493BD24E6 /* TurnLabApp.swift in Sources */,
				AAA3243CD6D5780FDE6A67C0 /* Typography.swift in Sources */,
				9CC9C9D90FA6E14377DA0E5B /* UserEntity+CoreDataClass.swift in Sources */,
				E74264512CF6D47BF5B8A32B /* UserRepository.swift in Sources */,
				42FF9FE7FC8C8D4CAE8492DA /* UserRepositoryProtocol.swift in Sources */,
				B76CE23FBF0F23AA3BFDA498 /* VideoContentTab.swift in Sources */,
				E0008D946BED6757BED9B40A /* VideoReference.swift in Sources */,
				6FDE42AB4350B257B4CBDD4B /* WidgetDataBridge.swift in Sources */,
				D180BC8C3CC730184EF627B6 /* YouTubePlayerView.swift in Sources */,
				698A6ECDE69C67A07886867C /* ContextualPremiumUpsellView.swift in Sources */,
				473A63A824092B13A37AD9F2 /* APIKeys.swift in Sources */,
				94475D2A6C4160A42503F19B /* OpenAIService.swift in Sources */,
				732AE185FBE642B57AC72317 /* CoachService.swift in Sources */,
				76F74935B15C4FAC01872489 /* CoachMessage.swift in Sources */,
				03AB7400E18AE7C86A8FB3E1 /* CoachViewModel.swift in Sources */,
				799B44FAB790C154E51D1C31 /* CoachChatView.swift in Sources */,
				6353B46827B3B8235B765DAA /* CoachFAB.swift in Sources */,
			);
			runOnlyForDeploymentPostprocessing = 0;
		};
		80DDAAB96CC9F98DE32B7974 /* Sources */ = {
			isa = PBXSourcesBuildPhase;
			buildActionMask = 2147483647;
			files = (
				8C4A472742F502CBBFF6B193 /* TurnLabUITests.swift in Sources */,
				A6C3EEF9DC72FB9799503B4A /* TurnLabUITestsLaunchTests.swift in Sources */,
			);
			runOnlyForDeploymentPostprocessing = 0;
		};
		CF1DB74250EDE777E43CF35C /* Sources */ = {
			isa = PBXSourcesBuildPhase;
			buildActionMask = 2147483647;
			files = (
				0F2683EAE7BF5E425E93F2DA /* AssessmentRepositoryTests.swift in Sources */,
				9EC504204F69DF15F8EA446C /* HomeViewModelTests.swift in Sources */,
				2B3FF4FB8B094BD1B5161808 /* MockAssessmentRepository.swift in Sources */,
				62B3F2D9E357FFEE254D94A8 /* MockSkillRepository.swift in Sources */,
				62CB83D841A45BA878BAB92C /* MockUserRepository.swift in Sources */,
				63228EDEEEA182EE49C3F3C9 /* OnboardingViewModelTests.swift in Sources */,
				78DCF1805BA029248AB40E4B /* ProgressionServiceTests.swift in Sources */,
				26A62448033CAF852D34D0A0 /* SkillFixtures.swift in Sources */,
				D43574727AEFDECB1505BF0D /* SkillRepositoryTests.swift in Sources */,
				36DF096907D1373802707863 /* SkillTests.swift in Sources */,
			);
			runOnlyForDeploymentPostprocessing = 0;
		};
/* End PBXSourcesBuildPhase section */

/* Begin PBXTargetDependency section */
		43F3221B5462109078A52350 /* PBXTargetDependency */ = {
			isa = PBXTargetDependency;
			target = 1F3E627F1632071DBBC4B151 /* TurnLab */;
			targetProxy = E1BE70E741BFABCD0F10E0AB /* PBXContainerItemProxy */;
		};
		5E2B3CC509C5D3FC4C7684E7 /* PBXTargetDependency */ = {
			isa = PBXTargetDependency;
			target = 89A7EB893834CEE868E7E82B /* TurnLabWidget */;
			targetProxy = 49DE2951375455B1422149BD /* PBXContainerItemProxy */;
		};
		EEB378ABE3530005717CC97A /* PBXTargetDependency */ = {
			isa = PBXTargetDependency;
			target = 1F3E627F1632071DBBC4B151 /* TurnLab */;
			targetProxy = 11DC3162C3B7535628BBE53E /* PBXContainerItemProxy */;
		};
/* End PBXTargetDependency section */

/* Begin XCBuildConfiguration section */
		2B9B3EC007F5284E605897A6 /* Debug */ = {
			isa = XCBuildConfiguration;
			buildSettings = {
				ALWAYS_SEARCH_USER_PATHS = NO;
				CLANG_ANALYZER_NONNULL = YES;
				CLANG_ANALYZER_NUMBER_OBJECT_CONVERSION = YES_AGGRESSIVE;
				CLANG_CXX_LANGUAGE_STANDARD = "gnu++14";
				CLANG_CXX_LIBRARY = "libc++";
				CLANG_ENABLE_MODULES = YES;
				CLANG_ENABLE_OBJC_ARC = YES;
				CLANG_ENABLE_OBJC_WEAK = YES;
				CLANG_WARN_BLOCK_CAPTURE_AUTORELEASING = YES;
				CLANG_WARN_BOOL_CONVERSION = YES;
				CLANG_WARN_COMMA = YES;
				CLANG_WARN_CONSTANT_CONVERSION = YES;
				CLANG_WARN_DEPRECATED_OBJC_IMPLEMENTATIONS = YES;
				CLANG_WARN_DIRECT_OBJC_ISA_USAGE = YES_ERROR;
				CLANG_WARN_DOCUMENTATION_COMMENTS = YES;
				CLANG_WARN_EMPTY_BODY = YES;
				CLANG_WARN_ENUM_CONVERSION = YES;
				CLANG_WARN_INFINITE_RECURSION = YES;
				CLANG_WARN_INT_CONVERSION = YES;
				CLANG_WARN_NON_LITERAL_NULL_CONVERSION = YES;
				CLANG_WARN_OBJC_IMPLICIT_RETAIN_SELF = YES;
				CLANG_WARN_OBJC_LITERAL_CONVERSION = YES;
				CLANG_WARN_OBJC_ROOT_CLASS = YES_ERROR;
				CLANG_WARN_QUOTED_INCLUDE_IN_FRAMEWORK_HEADER = YES;
				CLANG_WARN_RANGE_LOOP_ANALYSIS = YES;
				CLANG_WARN_STRICT_PROTOTYPES = YES;
				CLANG_WARN_SUSPICIOUS_MOVE = YES;
				CLANG_WARN_UNGUARDED_AVAILABILITY = YES_AGGRESSIVE;
				CLANG_WARN_UNREACHABLE_CODE = YES;
				CLANG_WARN__DUPLICATE_METHOD_MATCH = YES;
				CODE_SIGN_STYLE = Automatic;
				COPY_PHASE_STRIP = NO;
				CURRENT_PROJECT_VERSION = 8;
				DEBUG_INFORMATION_FORMAT = dwarf;
				DEVELOPMENT_TEAM = ARPUVY7JZ9;
				ENABLE_STRICT_OBJC_MSGSEND = YES;
				ENABLE_TESTABILITY = YES;
				GCC_C_LANGUAGE_STANDARD = gnu11;
				GCC_DYNAMIC_NO_PIC = NO;
				GCC_NO_COMMON_BLOCKS = YES;
				GCC_OPTIMIZATION_LEVEL = 0;
				GCC_PREPROCESSOR_DEFINITIONS = (
					"$(inherited)",
					"DEBUG=1",
				);
				GCC_WARN_64_TO_32_BIT_CONVERSION = YES;
				GCC_WARN_ABOUT_RETURN_TYPE = YES_ERROR;
				GCC_WARN_UNDECLARED_SELECTOR = YES;
				GCC_WARN_UNINITIALIZED_AUTOS = YES_AGGRESSIVE;
				GCC_WARN_UNUSED_FUNCTION = YES;
				GCC_WARN_UNUSED_VARIABLE = YES;
				IPHONEOS_DEPLOYMENT_TARGET = 17.0;
				MARKETING_VERSION = 1.0.0;
				MTL_ENABLE_DEBUG_INFO = INCLUDE_SOURCE;
				MTL_FAST_MATH = YES;
				ONLY_ACTIVE_ARCH = YES;
				PRODUCT_NAME = "$(TARGET_NAME)";
				SDKROOT = iphoneos;
				SWIFT_ACTIVE_COMPILATION_CONDITIONS = DEBUG;
				SWIFT_OPTIMIZATION_LEVEL = "-Onone";
				SWIFT_VERSION = 5.9;
				TARGETED_DEVICE_FAMILY = 1;
			};
			name = Debug;
		};
		2BC4B6F3CED12C7182ECD1BB /* Release */ = {
			isa = XCBuildConfiguration;
			buildSettings = {
				BUNDLE_LOADER = "$(TEST_HOST)";
				LD_RUNPATH_SEARCH_PATHS = (
					"$(inherited)",
					"@executable_path/Frameworks",
					"@loader_path/Frameworks",
				);
				PRODUCT_BUNDLE_IDENTIFIER = com.turnlab.app.uitests;
				SDKROOT = iphoneos;
				TARGETED_DEVICE_FAMILY = "1,2";
				TEST_TARGET_NAME = TurnLab;
			};
			name = Release;
		};
		38BC6334C98F1CEB3DC195E8 /* Release */ = {
			isa = XCBuildConfiguration;
			buildSettings = {
				ALWAYS_SEARCH_USER_PATHS = NO;
				CLANG_ANALYZER_NONNULL = YES;
				CLANG_ANALYZER_NUMBER_OBJECT_CONVERSION = YES_AGGRESSIVE;
				CLANG_CXX_LANGUAGE_STANDARD = "gnu++14";
				CLANG_CXX_LIBRARY = "libc++";
				CLANG_ENABLE_MODULES = YES;
				CLANG_ENABLE_OBJC_ARC = YES;
				CLANG_ENABLE_OBJC_WEAK = YES;
				CLANG_WARN_BLOCK_CAPTURE_AUTORELEASING = YES;
				CLANG_WARN_BOOL_CONVERSION = YES;
				CLANG_WARN_COMMA = YES;
				CLANG_WARN_CONSTANT_CONVERSION = YES;
				CLANG_WARN_DEPRECATED_OBJC_IMPLEMENTATIONS = YES;
				CLANG_WARN_DIRECT_OBJC_ISA_USAGE = YES_ERROR;
				CLANG_WARN_DOCUMENTATION_COMMENTS = YES;
				CLANG_WARN_EMPTY_BODY = YES;
				CLANG_WARN_ENUM_CONVERSION = YES;
				CLANG_WARN_INFINITE_RECURSION = YES;
				CLANG_WARN_INT_CONVERSION = YES;
				CLANG_WARN_NON_LITERAL_NULL_CONVERSION = YES;
				CLANG_WARN_OBJC_IMPLICIT_RETAIN_SELF = YES;
				CLANG_WARN_OBJC_LITERAL_CONVERSION = YES;
				CLANG_WARN_OBJC_ROOT_CLASS = YES_ERROR;
				CLANG_WARN_QUOTED_INCLUDE_IN_FRAMEWORK_HEADER = YES;
				CLANG_WARN_RANGE_LOOP_ANALYSIS = YES;
				CLANG_WARN_STRICT_PROTOTYPES = YES;
				CLANG_WARN_SUSPICIOUS_MOVE = YES;
				CLANG_WARN_UNGUARDED_AVAILABILITY = YES_AGGRESSIVE;
				CLANG_WARN_UNREACHABLE_CODE = YES;
				CLANG_WARN__DUPLICATE_METHOD_MATCH = YES;
				CODE_SIGN_STYLE = Automatic;
				COPY_PHASE_STRIP = NO;
				CURRENT_PROJECT_VERSION = 8;
				DEBUG_INFORMATION_FORMAT = "dwarf-with-dsym";
				DEVELOPMENT_TEAM = ARPUVY7JZ9;
				ENABLE_NS_ASSERTIONS = NO;
				ENABLE_STRICT_OBJC_MSGSEND = YES;
				GCC_C_LANGUAGE_STANDARD = gnu11;
				GCC_NO_COMMON_BLOCKS = YES;
				GCC_WARN_64_TO_32_BIT_CONVERSION = YES;
				GCC_WARN_ABOUT_RETURN_TYPE = YES_ERROR;
				GCC_WARN_UNDECLARED_SELECTOR = YES;
				GCC_WARN_UNINITIALIZED_AUTOS = YES_AGGRESSIVE;
				GCC_WARN_UNUSED_FUNCTION = YES;
				GCC_WARN_UNUSED_VARIABLE = YES;
				IPHONEOS_DEPLOYMENT_TARGET = 17.0;
				MARKETING_VERSION = 1.0.0;
				MTL_ENABLE_DEBUG_INFO = NO;
				MTL_FAST_MATH = YES;
				PRODUCT_NAME = "$(TARGET_NAME)";
				SDKROOT = iphoneos;
				SWIFT_COMPILATION_MODE = wholemodule;
				SWIFT_OPTIMIZATION_LEVEL = "-O";
				SWIFT_VERSION = 5.9;
				TARGETED_DEVICE_FAMILY = 1;
			};
			name = Release;
		};
		5471D80F0B8AEE9A7525BBA8 /* Release */ = {
			isa = XCBuildConfiguration;
			buildSettings = {
				ASSETCATALOG_COMPILER_APPICON_NAME = AppIcon;
				ASSETCATALOG_COMPILER_GLOBAL_ACCENT_COLOR_NAME = AccentColor;
				CODE_SIGN_ENTITLEMENTS = TurnLab/TurnLab.entitlements;
				CODE_SIGN_IDENTITY = "iPhone Developer";
				GENERATE_INFOPLIST_FILE = YES;
				INFOPLIST_KEY_CFBundleDisplayName = "Turn Lab";
				INFOPLIST_KEY_CFBundleIconName = AppIcon;
				INFOPLIST_KEY_ITSAppUsesNonExemptEncryption = NO;
				INFOPLIST_KEY_NSMicrophoneUsageDescription = "Turn Lab uses the microphone for voice input to the AI Coach.";
				INFOPLIST_KEY_NSSpeechRecognitionUsageDescription = "Turn Lab uses speech recognition to convert your voice to text when talking to the AI Coach.";
				INFOPLIST_KEY_UILaunchScreen_Generation = YES;
				INFOPLIST_KEY_UIRequiresFullScreen = YES;
				INFOPLIST_KEY_UISupportedInterfaceOrientations = UIInterfaceOrientationPortrait;
				LD_RUNPATH_SEARCH_PATHS = (
					"$(inherited)",
					"@executable_path/Frameworks",
				);
				PRODUCT_BUNDLE_IDENTIFIER = com.turnlab.app;
				SDKROOT = iphoneos;
				TARGETED_DEVICE_FAMILY = "1,2";
			};
			name = Release;
		};
		610BA9CDC37D0EDF0FE24016 /* Debug */ = {
			isa = XCBuildConfiguration;
			buildSettings = {
				BUNDLE_LOADER = "$(TEST_HOST)";
				LD_RUNPATH_SEARCH_PATHS = (
					"$(inherited)",
					"@executable_path/Frameworks",
					"@loader_path/Frameworks",
				);
				PRODUCT_BUNDLE_IDENTIFIER = com.turnlab.app.uitests;
				SDKROOT = iphoneos;
				TARGETED_DEVICE_FAMILY = "1,2";
				TEST_TARGET_NAME = TurnLab;
			};
			name = Debug;
		};
		66FEAF3E7FF51C9CCA8A27A0 /* Release */ = {
			isa = XCBuildConfiguration;
			buildSettings = {
				BUNDLE_LOADER = "$(TEST_HOST)";
				LD_RUNPATH_SEARCH_PATHS = (
					"$(inherited)",
					"@executable_path/Frameworks",
					"@loader_path/Frameworks",
				);
				PRODUCT_BUNDLE_IDENTIFIER = com.turnlab.app.tests;
				SDKROOT = iphoneos;
				TARGETED_DEVICE_FAMILY = "1,2";
				TEST_HOST = "$(BUILT_PRODUCTS_DIR)/TurnLab.app/TurnLab";
			};
			name = Release;
		};
		6F90617185337BC7A52135B0 /* Debug */ = {
			isa = XCBuildConfiguration;
			buildSettings = {
				CODE_SIGN_ENTITLEMENTS = TurnLabWidget/TurnLabWidget.entitlements;
				INFOPLIST_FILE = TurnLabWidget/Info.plist;
				LD_RUNPATH_SEARCH_PATHS = (
					"$(inherited)",
					"@executable_path/Frameworks",
					"@executable_path/../../Frameworks",
				);
				PRODUCT_BUNDLE_IDENTIFIER = com.turnlab.app.widget;
				SDKROOT = iphoneos;
				SKIP_INSTALL = YES;
				TARGETED_DEVICE_FAMILY = "1,2";
			};
			name = Debug;
		};
		8BAB02E10A99F7A8C84011DE /* Debug */ = {
			isa = XCBuildConfiguration;
			buildSettings = {
				ASSETCATALOG_COMPILER_APPICON_NAME = AppIcon;
				ASSETCATALOG_COMPILER_GLOBAL_ACCENT_COLOR_NAME = AccentColor;
				CODE_SIGN_ENTITLEMENTS = TurnLab/TurnLab.entitlements;
				CODE_SIGN_IDENTITY = "iPhone Developer";
				GENERATE_INFOPLIST_FILE = YES;
				INFOPLIST_KEY_CFBundleDisplayName = "Turn Lab";
				INFOPLIST_KEY_CFBundleIconName = AppIcon;
				INFOPLIST_KEY_ITSAppUsesNonExemptEncryption = NO;
				INFOPLIST_KEY_NSMicrophoneUsageDescription = "Turn Lab uses the microphone for voice input to the AI Coach.";
				INFOPLIST_KEY_NSSpeechRecognitionUsageDescription = "Turn Lab uses speech recognition to convert your voice to text when talking to the AI Coach.";
				INFOPLIST_KEY_UILaunchScreen_Generation = YES;
				INFOPLIST_KEY_UIRequiresFullScreen = YES;
				INFOPLIST_KEY_UISupportedInterfaceOrientations = UIInterfaceOrientationPortrait;
				LD_RUNPATH_SEARCH_PATHS = (
					"$(inherited)",
					"@executable_path/Frameworks",
				);
				PRODUCT_BUNDLE_IDENTIFIER = com.turnlab.app;
				SDKROOT = iphoneos;
				TARGETED_DEVICE_FAMILY = "1,2";
			};
			name = Debug;
		};
		A0EDACC6C773C1CFA2D24DA2 /* Release */ = {
			isa = XCBuildConfiguration;
			buildSettings = {
				CODE_SIGN_ENTITLEMENTS = TurnLabWidget/TurnLabWidget.entitlements;
				INFOPLIST_FILE = TurnLabWidget/Info.plist;
				LD_RUNPATH_SEARCH_PATHS = (
					"$(inherited)",
					"@executable_path/Frameworks",
					"@executable_path/../../Frameworks",
				);
				PRODUCT_BUNDLE_IDENTIFIER = com.turnlab.app.widget;
				SDKROOT = iphoneos;
				SKIP_INSTALL = YES;
				TARGETED_DEVICE_FAMILY = "1,2";
			};
			name = Release;
		};
		FA41538B40960DCF0FF0B1E8 /* Debug */ = {
			isa = XCBuildConfiguration;
			buildSettings = {
				BUNDLE_LOADER = "$(TEST_HOST)";
				LD_RUNPATH_SEARCH_PATHS = (
					"$(inherited)",
					"@executable_path/Frameworks",
					"@loader_path/Frameworks",
				);
				PRODUCT_BUNDLE_IDENTIFIER = com.turnlab.app.tests;
				SDKROOT = iphoneos;
				TARGETED_DEVICE_FAMILY = "1,2";
				TEST_HOST = "$(BUILT_PRODUCTS_DIR)/TurnLab.app/TurnLab";
			};
			name = Debug;
		};
/* End XCBuildConfiguration section */

/* Begin XCConfigurationList section */
		4A536C3D4FCF648B3CBB14BA /* Build configuration list for PBXProject "TurnLab" */ = {
			isa = XCConfigurationList;
			buildConfigurations = (
				2B9B3EC007F5284E605897A6 /* Debug */,
				38BC6334C98F1CEB3DC195E8 /* Release */,
			);
			defaultConfigurationIsVisible = 0;
			defaultConfigurationName = Debug;
		};
		A04B2BD9A05424BA4043C808 /* Build configuration list for PBXNativeTarget "TurnLabUITests" */ = {
			isa = XCConfigurationList;
			buildConfigurations = (
				610BA9CDC37D0EDF0FE24016 /* Debug */,
				2BC4B6F3CED12C7182ECD1BB /* Release */,
			);
			defaultConfigurationIsVisible = 0;
			defaultConfigurationName = Debug;
		};
		B9D3E47E8AA3390922718E29 /* Build configuration list for PBXNativeTarget "TurnLabTests" */ = {
			isa = XCConfigurationList;
			buildConfigurations = (
				FA41538B40960DCF0FF0B1E8 /* Debug */,
				66FEAF3E7FF51C9CCA8A27A0 /* Release */,
			);
			defaultConfigurationIsVisible = 0;
			defaultConfigurationName = Debug;
		};
		D6ED30AD97C67A2314F13776 /* Build configuration list for PBXNativeTarget "TurnLabWidget" */ = {
			isa = XCConfigurationList;
			buildConfigurations = (
				6F90617185337BC7A52135B0 /* Debug */,
				A0EDACC6C773C1CFA2D24DA2 /* Release */,
			);
			defaultConfigurationIsVisible = 0;
			defaultConfigurationName = Debug;
		};
		F324351932868AE27F6466E2 /* Build configuration list for PBXNativeTarget "TurnLab" */ = {
			isa = XCConfigurationList;
			buildConfigurations = (
				8BAB02E10A99F7A8C84011DE /* Debug */,
				5471D80F0B8AEE9A7525BBA8 /* Release */,
			);
			defaultConfigurationIsVisible = 0;
			defaultConfigurationName = Debug;
		};
/* End XCConfigurationList section */

/* Begin XCVersionGroup section */
		F62D772F062CA817B90B38D4 /* TurnLab.xcdatamodeld */ = {
			isa = XCVersionGroup;
			children = (
				F5AD3111C55CDC17F22E4840 /* TurnLab.xcdatamodel */,
			);
			currentVersion = F5AD3111C55CDC17F22E4840 /* TurnLab.xcdatamodel */;
			path = TurnLab.xcdatamodeld;
			sourceTree = "<group>";
			versionGroupType = wrapper.xcdatamodel;
		};
/* End XCVersionGroup section */
	};
	rootObject = F521E78342E79B19BF7CBC77 /* Project object */;
}
